// !$*UTF8*$!
{
	archiveVersion = 1;
	classes = {
	};
	objectVersion = 48;
	objects = {

/* Begin PBXBuildFile section */
		3B3FEB972006F6A4007506DC /* AppDelegate.swift in Sources */ = {isa = PBXBuildFile; fileRef = 3B3FEB962006F6A4007506DC /* AppDelegate.swift */; };
		3B3FEB992006F6A4007506DC /* ViewController.swift in Sources */ = {isa = PBXBuildFile; fileRef = 3B3FEB982006F6A4007506DC /* ViewController.swift */; };
		3B3FEB9C2006F6A4007506DC /* Main.storyboard in Resources */ = {isa = PBXBuildFile; fileRef = 3B3FEB9A2006F6A4007506DC /* Main.storyboard */; };
		3B3FEB9E2006F6A4007506DC /* Assets.xcassets in Resources */ = {isa = PBXBuildFile; fileRef = 3B3FEB9D2006F6A4007506DC /* Assets.xcassets */; };
		3B3FEBA12006F6A4007506DC /* LaunchScreen.storyboard in Resources */ = {isa = PBXBuildFile; fileRef = 3B3FEB9F2006F6A4007506DC /* LaunchScreen.storyboard */; };
		3B3FEBAC2006F6A4007506DC /* ColdCallTests.swift in Sources */ = {isa = PBXBuildFile; fileRef = 3B3FEBAB2006F6A4007506DC /* ColdCallTests.swift */; };
		3B3FEBB72006F6A4007506DC /* ColdCallUITests.swift in Sources */ = {isa = PBXBuildFile; fileRef = 3B3FEBB62006F6A4007506DC /* ColdCallUITests.swift */; };
/* End PBXBuildFile section */

/* Begin PBXContainerItemProxy section */
		3B3FEBA82006F6A4007506DC /* PBXContainerItemProxy */ = {
			isa = PBXContainerItemProxy;
			containerPortal = 3B3FEB8B2006F6A4007506DC /* Project object */;
			proxyType = 1;
			remoteGlobalIDString = 3B3FEB922006F6A4007506DC;
			remoteInfo = ColdCall;
		};
		3B3FEBB32006F6A4007506DC /* PBXContainerItemProxy */ = {
			isa = PBXContainerItemProxy;
			containerPortal = 3B3FEB8B2006F6A4007506DC /* Project object */;
			proxyType = 1;
			remoteGlobalIDString = 3B3FEB922006F6A4007506DC;
			remoteInfo = ColdCall;
		};
/* End PBXContainerItemProxy section */

/* Begin PBXFileReference section */
		3B3FEB932006F6A4007506DC /* ColdCall.app */ = {isa = PBXFileReference; explicitFileType = wrapper.application; includeInIndex = 0; path = ColdCall.app; sourceTree = BUILT_PRODUCTS_DIR; };
		3B3FEB962006F6A4007506DC /* AppDelegate.swift */ = {isa = PBXFileReference; lastKnownFileType = sourcecode.swift; path = AppDelegate.swift; sourceTree = "<group>"; };
		3B3FEB982006F6A4007506DC /* ViewController.swift */ = {isa = PBXFileReference; lastKnownFileType = sourcecode.swift; path = ViewController.swift; sourceTree = "<group>"; };
		3B3FEB9B2006F6A4007506DC /* Base */ = {isa = PBXFileReference; lastKnownFileType = file.storyboard; name = Base; path = Base.lproj/Main.storyboard; sourceTree = "<group>"; };
		3B3FEB9D2006F6A4007506DC /* Assets.xcassets */ = {isa = PBXFileReference; lastKnownFileType = folder.assetcatalog; path = Assets.xcassets; sourceTree = "<group>"; };
		3B3FEBA02006F6A4007506DC /* Base */ = {isa = PBXFileReference; lastKnownFileType = file.storyboard; name = Base; path = Base.lproj/LaunchScreen.storyboard; sourceTree = "<group>"; };
		3B3FEBA22006F6A4007506DC /* Info.plist */ = {isa = PBXFileReference; lastKnownFileType = text.plist.xml; path = Info.plist; sourceTree = "<group>"; };
		3B3FEBA72006F6A4007506DC /* ColdCallTests.xctest */ = {isa = PBXFileReference; explicitFileType = wrapper.cfbundle; includeInIndex = 0; path = ColdCallTests.xctest; sourceTree = BUILT_PRODUCTS_DIR; };
		3B3FEBAB2006F6A4007506DC /* ColdCallTests.swift */ = {isa = PBXFileReference; lastKnownFileType = sourcecode.swift; path = ColdCallTests.swift; sourceTree = "<group>"; };
		3B3FEBAD2006F6A4007506DC /* Info.plist */ = {isa = PBXFileReference; lastKnownFileType = text.plist.xml; path = Info.plist; sourceTree = "<group>"; };
		3B3FEBB22006F6A4007506DC /* ColdCallUITests.xctest */ = {isa = PBXFileReference; explicitFileType = wrapper.cfbundle; includeInIndex = 0; path = ColdCallUITests.xctest; sourceTree = BUILT_PRODUCTS_DIR; };
		3B3FEBB62006F6A4007506DC /* ColdCallUITests.swift */ = {isa = PBXFileReference; lastKnownFileType = sourcecode.swift; path = ColdCallUITests.swift; sourceTree = "<group>"; };
		3B3FEBB82006F6A4007506DC /* Info.plist */ = {isa = PBXFileReference; lastKnownFileType = text.plist.xml; path = Info.plist; sourceTree = "<group>"; };
/* End PBXFileReference section */

/* Begin PBXFrameworksBuildPhase section */
		3B3FEB902006F6A4007506DC /* Frameworks */ = {
			isa = PBXFrameworksBuildPhase;
			buildActionMask = 2147483647;
			files = (
			);
			runOnlyForDeploymentPostprocessing = 0;
		};
		3B3FEBA42006F6A4007506DC /* Frameworks */ = {
			isa = PBXFrameworksBuildPhase;
			buildActionMask = 2147483647;
			files = (
			);
			runOnlyForDeploymentPostprocessing = 0;
		};
		3B3FEBAF2006F6A4007506DC /* Frameworks */ = {
			isa = PBXFrameworksBuildPhase;
			buildActionMask = 2147483647;
			files = (
			);
			runOnlyForDeploymentPostprocessing = 0;
		};
/* End PBXFrameworksBuildPhase section */

/* Begin PBXGroup section */
		3B3FEB8A2006F6A4007506DC = {
			isa = PBXGroup;
			children = (
				3B3FEB952006F6A4007506DC /* ColdCall */,
				3B3FEBAA2006F6A4007506DC /* ColdCallTests */,
				3B3FEBB52006F6A4007506DC /* ColdCallUITests */,
				3B3FEB942006F6A4007506DC /* Products */,
			);
			sourceTree = "<group>";
		};
		3B3FEB942006F6A4007506DC /* Products */ = {
			isa = PBXGroup;
			children = (
				3B3FEB932006F6A4007506DC /* ColdCall.app */,
				3B3FEBA72006F6A4007506DC /* ColdCallTests.xctest */,
				3B3FEBB22006F6A4007506DC /* ColdCallUITests.xctest */,
			);
			name = Products;
			sourceTree = "<group>";
		};
		3B3FEB952006F6A4007506DC /* ColdCall */ = {
			isa = PBXGroup;
			children = (
				3B3FEB962006F6A4007506DC /* AppDelegate.swift */,
				3B3FEB982006F6A4007506DC /* ViewController.swift */,
				3B3FEB9A2006F6A4007506DC /* Main.storyboard */,
				3B3FEB9D2006F6A4007506DC /* Assets.xcassets */,
				3B3FEB9F2006F6A4007506DC /* LaunchScreen.storyboard */,
				3B3FEBA22006F6A4007506DC /* Info.plist */,
			);
			path = ColdCall;
			sourceTree = "<group>";
		};
		3B3FEBAA2006F6A4007506DC /* ColdCallTests */ = {
			isa = PBXGroup;
			children = (
				3B3FEBAB2006F6A4007506DC /* ColdCallTests.swift */,
				3B3FEBAD2006F6A4007506DC /* Info.plist */,
			);
			path = ColdCallTests;
			sourceTree = "<group>";
		};
		3B3FEBB52006F6A4007506DC /* ColdCallUITests */ = {
			isa = PBXGroup;
			children = (
				3B3FEBB62006F6A4007506DC /* ColdCallUITests.swift */,
				3B3FEBB82006F6A4007506DC /* Info.plist */,
			);
			path = ColdCallUITests;
			sourceTree = "<group>";
		};
/* End PBXGroup section */

/* Begin PBXNativeTarget section */
		3B3FEB922006F6A4007506DC /* ColdCall */ = {
			isa = PBXNativeTarget;
			buildConfigurationList = 3B3FEBBB2006F6A4007506DC /* Build configuration list for PBXNativeTarget "ColdCall" */;
			buildPhases = (
				3B3FEB8F2006F6A4007506DC /* Sources */,
				3B3FEB902006F6A4007506DC /* Frameworks */,
				3B3FEB912006F6A4007506DC /* Resources */,
			);
			buildRules = (
			);
			dependencies = (
			);
			name = ColdCall;
			productName = ColdCall;
			productReference = 3B3FEB932006F6A4007506DC /* ColdCall.app */;
			productType = "com.apple.product-type.application";
		};
		3B3FEBA62006F6A4007506DC /* ColdCallTests */ = {
			isa = PBXNativeTarget;
			buildConfigurationList = 3B3FEBBE2006F6A4007506DC /* Build configuration list for PBXNativeTarget "ColdCallTests" */;
			buildPhases = (
				3B3FEBA32006F6A4007506DC /* Sources */,
				3B3FEBA42006F6A4007506DC /* Frameworks */,
				3B3FEBA52006F6A4007506DC /* Resources */,
			);
			buildRules = (
			);
			dependencies = (
				3B3FEBA92006F6A4007506DC /* PBXTargetDependency */,
			);
			name = ColdCallTests;
			productName = ColdCallTests;
			productReference = 3B3FEBA72006F6A4007506DC /* ColdCallTests.xctest */;
			productType = "com.apple.product-type.bundle.unit-test";
		};
		3B3FEBB12006F6A4007506DC /* ColdCallUITests */ = {
			isa = PBXNativeTarget;
			buildConfigurationList = 3B3FEBC12006F6A4007506DC /* Build configuration list for PBXNativeTarget "ColdCallUITests" */;
			buildPhases = (
				3B3FEBAE2006F6A4007506DC /* Sources */,
				3B3FEBAF2006F6A4007506DC /* Frameworks */,
				3B3FEBB02006F6A4007506DC /* Resources */,
			);
			buildRules = (
			);
			dependencies = (
				3B3FEBB42006F6A4007506DC /* PBXTargetDependency */,
			);
			name = ColdCallUITests;
			productName = ColdCallUITests;
			productReference = 3B3FEBB22006F6A4007506DC /* ColdCallUITests.xctest */;
			productType = "com.apple.product-type.bundle.ui-testing";
		};
/* End PBXNativeTarget section */

/* Begin PBXProject section */
		3B3FEB8B2006F6A4007506DC /* Project object */ = {
			isa = PBXProject;
			attributes = {
				LastSwiftUpdateCheck = 0920;
				LastUpgradeCheck = 0920;
				ORGANIZATIONNAME = "Seyma Akin";
				TargetAttributes = {
					3B3FEB922006F6A4007506DC = {
						CreatedOnToolsVersion = 9.2;
						ProvisioningStyle = Automatic;
					};
					3B3FEBA62006F6A4007506DC = {
						CreatedOnToolsVersion = 9.2;
						ProvisioningStyle = Automatic;
						TestTargetID = 3B3FEB922006F6A4007506DC;
					};
					3B3FEBB12006F6A4007506DC = {
						CreatedOnToolsVersion = 9.2;
						ProvisioningStyle = Automatic;
						TestTargetID = 3B3FEB922006F6A4007506DC;
					};
				};
			};
			buildConfigurationList = 3B3FEB8E2006F6A4007506DC /* Build configuration list for PBXProject "ColdCall" */;
			compatibilityVersion = "Xcode 8.0";
			developmentRegion = en;
			hasScannedForEncodings = 0;
			knownRegions = (
				en,
				Base,
			);
			mainGroup = 3B3FEB8A2006F6A4007506DC;
			productRefGroup = 3B3FEB942006F6A4007506DC /* Products */;
			projectDirPath = "";
			projectRoot = "";
			targets = (
				3B3FEB922006F6A4007506DC /* ColdCall */,
				3B3FEBA62006F6A4007506DC /* ColdCallTests */,
				3B3FEBB12006F6A4007506DC /* ColdCallUITests */,
			);
		};
/* End PBXProject section */

/* Begin PBXResourcesBuildPhase section */
		3B3FEB912006F6A4007506DC /* Resources */ = {
			isa = PBXResourcesBuildPhase;
			buildActionMask = 2147483647;
			files = (
				3B3FEBA12006F6A4007506DC /* LaunchScreen.storyboard in Resources */,
				3B3FEB9E2006F6A4007506DC /* Assets.xcassets in Resources */,
				3B3FEB9C2006F6A4007506DC /* Main.storyboard in Resources */,
			);
			runOnlyForDeploymentPostprocessing = 0;
		};
		3B3FEBA52006F6A4007506DC /* Resources */ = {
			isa = PBXResourcesBuildPhase;
			buildActionMask = 2147483647;
			files = (
			);
			runOnlyForDeploymentPostprocessing = 0;
		};
		3B3FEBB02006F6A4007506DC /* Resources */ = {
			isa = PBXResourcesBuildPhase;
			buildActionMask = 2147483647;
			files = (
			);
			runOnlyForDeploymentPostprocessing = 0;
		};
/* End PBXResourcesBuildPhase section */

/* Begin PBXSourcesBuildPhase section */
		3B3FEB8F2006F6A4007506DC /* Sources */ = {
			isa = PBXSourcesBuildPhase;
			buildActionMask = 2147483647;
			files = (
				3B3FEB992006F6A4007506DC /* ViewController.swift in Sources */,
				3B3FEB972006F6A4007506DC /* AppDelegate.swift in Sources */,
			);
			runOnlyForDeploymentPostprocessing = 0;
		};
		3B3FEBA32006F6A4007506DC /* Sources */ = {
			isa = PBXSourcesBuildPhase;
			buildActionMask = 2147483647;
			files = (
				3B3FEBAC2006F6A4007506DC /* ColdCallTests.swift in Sources */,
			);
			runOnlyForDeploymentPostprocessing = 0;
		};
		3B3FEBAE2006F6A4007506DC /* Sources */ = {
			isa = PBXSourcesBuildPhase;
			buildActionMask = 2147483647;
			files = (
				3B3FEBB72006F6A4007506DC /* ColdCallUITests.swift in Sources */,
			);
			runOnlyForDeploymentPostprocessing = 0;
		};
/* End PBXSourcesBuildPhase section */

/* Begin PBXTargetDependency section */
		3B3FEBA92006F6A4007506DC /* PBXTargetDependency */ = {
			isa = PBXTargetDependency;
			target = 3B3FEB922006F6A4007506DC /* ColdCall */;
			targetProxy = 3B3FEBA82006F6A4007506DC /* PBXContainerItemProxy */;
		};
		3B3FEBB42006F6A4007506DC /* PBXTargetDependency */ = {
			isa = PBXTargetDependency;
			target = 3B3FEB922006F6A4007506DC /* ColdCall */;
			targetProxy = 3B3FEBB32006F6A4007506DC /* PBXContainerItemProxy */;
		};
/* End PBXTargetDependency section */

/* Begin PBXVariantGroup section */
		3B3FEB9A2006F6A4007506DC /* Main.storyboard */ = {
			isa = PBXVariantGroup;
			children = (
				3B3FEB9B2006F6A4007506DC /* Base */,
			);
			name = Main.storyboard;
			sourceTree = "<group>";
		};
		3B3FEB9F2006F6A4007506DC /* LaunchScreen.storyboard */ = {
			isa = PBXVariantGroup;
			children = (
				3B3FEBA02006F6A4007506DC /* Base */,
			);
			name = LaunchScreen.storyboard;
			sourceTree = "<group>";
		};
/* End PBXVariantGroup section */

/* Begin XCBuildConfiguration section */
		3B3FEBB92006F6A4007506DC /* Debug */ = {
			isa = XCBuildConfiguration;
			buildSettings = {
				ALWAYS_SEARCH_USER_PATHS = NO;
				CLANG_ANALYZER_NONNULL = YES;
				CLANG_ANALYZER_NUMBER_OBJECT_CONVERSION = YES_AGGRESSIVE;
				CLANG_CXX_LANGUAGE_STANDARD = "gnu++14";
				CLANG_CXX_LIBRARY = "libc++";
				CLANG_ENABLE_MODULES = YES;
				CLANG_ENABLE_OBJC_ARC = YES;
				CLANG_WARN_BLOCK_CAPTURE_AUTORELEASING = YES;
				CLANG_WARN_BOOL_CONVERSION = YES;
				CLANG_WARN_COMMA = YES;
				CLANG_WARN_CONSTANT_CONVERSION = YES;
				CLANG_WARN_DIRECT_OBJC_ISA_USAGE = YES_ERROR;
				CLANG_WARN_DOCUMENTATION_COMMENTS = YES;
				CLANG_WARN_EMPTY_BODY = YES;
				CLANG_WARN_ENUM_CONVERSION = YES;
				CLANG_WARN_INFINITE_RECURSION = YES;
				CLANG_WARN_INT_CONVERSION = YES;
				CLANG_WARN_NON_LITERAL_NULL_CONVERSION = YES;
				CLANG_WARN_OBJC_LITERAL_CONVERSION = YES;
				CLANG_WARN_OBJC_ROOT_CLASS = YES_ERROR;
				CLANG_WARN_RANGE_LOOP_ANALYSIS = YES;
				CLANG_WARN_STRICT_PROTOTYPES = YES;
				CLANG_WARN_SUSPICIOUS_MOVE = YES;
				CLANG_WARN_UNGUARDED_AVAILABILITY = YES_AGGRESSIVE;
				CLANG_WARN_UNREACHABLE_CODE = YES;
				CLANG_WARN__DUPLICATE_METHOD_MATCH = YES;
				CODE_SIGN_IDENTITY = "iPhone Developer";
				COPY_PHASE_STRIP = NO;
				DEBUG_INFORMATION_FORMAT = dwarf;
				ENABLE_STRICT_OBJC_MSGSEND = YES;
				ENABLE_TESTABILITY = YES;
				GCC_C_LANGUAGE_STANDARD = gnu11;
				GCC_DYNAMIC_NO_PIC = NO;
				GCC_NO_COMMON_BLOCKS = YES;
				GCC_OPTIMIZATION_LEVEL = 0;
				GCC_PREPROCESSOR_DEFINITIONS = (
					"DEBUG=1",
					"$(inherited)",
				);
				GCC_WARN_64_TO_32_BIT_CONVERSION = YES;
				GCC_WARN_ABOUT_RETURN_TYPE = YES_ERROR;
				GCC_WARN_UNDECLARED_SELECTOR = YES;
				GCC_WARN_UNINITIALIZED_AUTOS = YES_AGGRESSIVE;
				GCC_WARN_UNUSED_FUNCTION = YES;
				GCC_WARN_UNUSED_VARIABLE = YES;
				IPHONEOS_DEPLOYMENT_TARGET = 11.2;
				MTL_ENABLE_DEBUG_INFO = YES;
				ONLY_ACTIVE_ARCH = YES;
				SDKROOT = iphoneos;
				SWIFT_ACTIVE_COMPILATION_CONDITIONS = DEBUG;
				SWIFT_OPTIMIZATION_LEVEL = "-Onone";
			};
			name = Debug;
		};
		3B3FEBBA2006F6A4007506DC /* Release */ = {
			isa = XCBuildConfiguration;
			buildSettings = {
				ALWAYS_SEARCH_USER_PATHS = NO;
				CLANG_ANALYZER_NONNULL = YES;
				CLANG_ANALYZER_NUMBER_OBJECT_CONVERSION = YES_AGGRESSIVE;
				CLANG_CXX_LANGUAGE_STANDARD = "gnu++14";
				CLANG_CXX_LIBRARY = "libc++";
				CLANG_ENABLE_MODULES = YES;
				CLANG_ENABLE_OBJC_ARC = YES;
				CLANG_WARN_BLOCK_CAPTURE_AUTORELEASING = YES;
				CLANG_WARN_BOOL_CONVERSION = YES;
				CLANG_WARN_COMMA = YES;
				CLANG_WARN_CONSTANT_CONVERSION = YES;
				CLANG_WARN_DIRECT_OBJC_ISA_USAGE = YES_ERROR;
				CLANG_WARN_DOCUMENTATION_COMMENTS = YES;
				CLANG_WARN_EMPTY_BODY = YES;
				CLANG_WARN_ENUM_CONVERSION = YES;
				CLANG_WARN_INFINITE_RECURSION = YES;
				CLANG_WARN_INT_CONVERSION = YES;
				CLANG_WARN_NON_LITERAL_NULL_CONVERSION = YES;
				CLANG_WARN_OBJC_LITERAL_CONVERSION = YES;
				CLANG_WARN_OBJC_ROOT_CLASS = YES_ERROR;
				CLANG_WARN_RANGE_LOOP_ANALYSIS = YES;
				CLANG_WARN_STRICT_PROTOTYPES = YES;
				CLANG_WARN_SUSPICIOUS_MOVE = YES;
				CLANG_WARN_UNGUARDED_AVAILABILITY = YES_AGGRESSIVE;
				CLANG_WARN_UNREACHABLE_CODE = YES;
				CLANG_WARN__DUPLICATE_METHOD_MATCH = YES;
				CODE_SIGN_IDENTITY = "iPhone Developer";
				COPY_PHASE_STRIP = NO;
				DEBUG_INFORMATION_FORMAT = "dwarf-with-dsym";
				ENABLE_NS_ASSERTIONS = NO;
				ENABLE_STRICT_OBJC_MSGSEND = YES;
				GCC_C_LANGUAGE_STANDARD = gnu11;
				GCC_NO_COMMON_BLOCKS = YES;
				GCC_WARN_64_TO_32_BIT_CONVERSION = YES;
				GCC_WARN_ABOUT_RETURN_TYPE = YES_ERROR;
				GCC_WARN_UNDECLARED_SELECTOR = YES;
				GCC_WARN_UNINITIALIZED_AUTOS = YES_AGGRESSIVE;
				GCC_WARN_UNUSED_FUNCTION = YES;
				GCC_WARN_UNUSED_VARIABLE = YES;
				IPHONEOS_DEPLOYMENT_TARGET = 11.2;
				MTL_ENABLE_DEBUG_INFO = NO;
				SDKROOT = iphoneos;
				SWIFT_OPTIMIZATION_LEVEL = "-Owholemodule";
				VALIDATE_PRODUCT = YES;
			};
			name = Release;
		};
		3B3FEBBC2006F6A4007506DC /* Debug */ = {
			isa = XCBuildConfiguration;
			buildSettings = {
				ASSETCATALOG_COMPILER_APPICON_NAME = AppIcon;
				CODE_SIGN_STYLE = Automatic;
				INFOPLIST_FILE = ColdCall/Info.plist;
				LD_RUNPATH_SEARCH_PATHS = "$(inherited) @executable_path/Frameworks";
				PRODUCT_BUNDLE_IDENTIFIER = com.seymaakin.ColdCall;
				PRODUCT_NAME = "$(TARGET_NAME)";
				SWIFT_VERSION = 4.0;
				TARGETED_DEVICE_FAMILY = "1,2";
			};
			name = Debug;
		};
		3B3FEBBD2006F6A4007506DC /* Release */ = {
			isa = XCBuildConfiguration;
			buildSettings = {
				ASSETCATALOG_COMPILER_APPICON_NAME = AppIcon;
				CODE_SIGN_STYLE = Automatic;
				INFOPLIST_FILE = ColdCall/Info.plist;
				LD_RUNPATH_SEARCH_PATHS = "$(inherited) @executable_path/Frameworks";
				PRODUCT_BUNDLE_IDENTIFIER = com.seymaakin.ColdCall;
				PRODUCT_NAME = "$(TARGET_NAME)";
				SWIFT_VERSION = 4.0;
				TARGETED_DEVICE_FAMILY = "1,2";
			};
			name = Release;
		};
		3B3FEBBF2006F6A4007506DC /* Debug */ = {
			isa = XCBuildConfiguration;
			buildSettings = {
				ALWAYS_EMBED_SWIFT_STANDARD_LIBRARIES = YES;
				BUNDLE_LOADER = "$(TEST_HOST)";
				CODE_SIGN_STYLE = Automatic;
				INFOPLIST_FILE = ColdCallTests/Info.plist;
				LD_RUNPATH_SEARCH_PATHS = "$(inherited) @executable_path/Frameworks @loader_path/Frameworks";
				PRODUCT_BUNDLE_IDENTIFIER = com.seymaakin.ColdCallTests;
				PRODUCT_NAME = "$(TARGET_NAME)";
				SWIFT_VERSION = 4.0;
				TARGETED_DEVICE_FAMILY = "1,2";
				TEST_HOST = "$(BUILT_PRODUCTS_DIR)/ColdCall.app/ColdCall";
			};
			name = Debug;
		};
		3B3FEBC02006F6A4007506DC /* Release */ = {
			isa = XCBuildConfiguration;
			buildSettings = {
				ALWAYS_EMBED_SWIFT_STANDARD_LIBRARIES = YES;
				BUNDLE_LOADER = "$(TEST_HOST)";
				CODE_SIGN_STYLE = Automatic;
				INFOPLIST_FILE = ColdCallTests/Info.plist;
				LD_RUNPATH_SEARCH_PATHS = "$(inherited) @executable_path/Frameworks @loader_path/Frameworks";
				PRODUCT_BUNDLE_IDENTIFIER = com.seymaakin.ColdCallTests;
				PRODUCT_NAME = "$(TARGET_NAME)";
				SWIFT_VERSION = 4.0;
				TARGETED_DEVICE_FAMILY = "1,2";
				TEST_HOST = "$(BUILT_PRODUCTS_DIR)/ColdCall.app/ColdCall";
			};
			name = Release;
		};
		3B3FEBC22006F6A4007506DC /* Debug */ = {
			isa = XCBuildConfiguration;
			buildSettings = {
				ALWAYS_EMBED_SWIFT_STANDARD_LIBRARIES = YES;
				CODE_SIGN_STYLE = Automatic;
				INFOPLIST_FILE = ColdCallUITests/Info.plist;
				LD_RUNPATH_SEARCH_PATHS = "$(inherited) @executable_path/Frameworks @loader_path/Frameworks";
				PRODUCT_BUNDLE_IDENTIFIER = com.seymaakin.ColdCallUITests;
				PRODUCT_NAME = "$(TARGET_NAME)";
				SWIFT_VERSION = 4.0;
				TARGETED_DEVICE_FAMILY = "1,2";
				TEST_TARGET_NAME = ColdCall;
			};
			name = Debug;
		};
		3B3FEBC32006F6A4007506DC /* Release */ = {
			isa = XCBuildConfiguration;
			buildSettings = {
				ALWAYS_EMBED_SWIFT_STANDARD_LIBRARIES = YES;
				CODE_SIGN_STYLE = Automatic;
				INFOPLIST_FILE = ColdCallUITests/Info.plist;
				LD_RUNPATH_SEARCH_PATHS = "$(inherited) @executable_path/Frameworks @loader_path/Frameworks";
				PRODUCT_BUNDLE_IDENTIFIER = com.seymaakin.ColdCallUITests;
				PRODUCT_NAME = "$(TARGET_NAME)";
				SWIFT_VERSION = 4.0;
				TARGETED_DEVICE_FAMILY = "1,2";
				TEST_TARGET_NAME = ColdCall;
			};
			name = Release;
		};
/* End XCBuildConfiguration section */

/* Begin XCConfigurationList section */
		3B3FEB8E2006F6A4007506DC /* Build configuration list for PBXProject "ColdCall" */ = {
			isa = XCConfigurationList;
			buildConfigurations = (
				3B3FEBB92006F6A4007506DC /* Debug */,
				3B3FEBBA2006F6A4007506DC /* Release */,
			);
			defaultConfigurationIsVisible = 0;
			defaultConfigurationName = Release;
		};
		3B3FEBBB2006F6A4007506DC /* Build configuration list for PBXNativeTarget "ColdCall" */ = {
			isa = XCConfigurationList;
			buildConfigurations = (
				3B3FEBBC2006F6A4007506DC /* Debug */,
				3B3FEBBD2006F6A4007506DC /* Release */,
			);
			defaultConfigurationIsVisible = 0;
			defaultConfigurationName = Release;
		};
		3B3FEBBE2006F6A4007506DC /* Build configuration list for PBXNativeTarget "ColdCallTests" */ = {
			isa = XCConfigurationList;
			buildConfigurations = (
				3B3FEBBF2006F6A4007506DC /* Debug */,
				3B3FEBC02006F6A4007506DC /* Release */,
			);
			defaultConfigurationIsVisible = 0;
			defaultConfigurationName = Release;
		};
		3B3FEBC12006F6A4007506DC /* Build configuration list for PBXNativeTarget "ColdCallUITests" */ = {
			isa = XCConfigurationList;
			buildConfigurations = (
				3B3FEBC22006F6A4007506DC /* Debug */,
				3B3FEBC32006F6A4007506DC /* Release */,
			);
			defaultConfigurationIsVisible = 0;
			defaultConfigurationName = Release;
		};
/* End XCConfigurationList section */
	};
	rootObject = 3B3FEB8B2006F6A4007506DC /* Project object */;
}
