// !$*UTF8*$!
{
	archiveVersion = 1;
	classes = {
	};
	objectVersion = 48;
	objects = {

/* Begin PBXBuildFile section */
		3B3FEC45200859DD007506DC /* AppDelegate.swift in Sources */ = {isa = PBXBuildFile; fileRef = 3B3FEC44200859DD007506DC /* AppDelegate.swift */; };
		3B3FEC47200859DD007506DC /* ViewController.swift in Sources */ = {isa = PBXBuildFile; fileRef = 3B3FEC46200859DD007506DC /* ViewController.swift */; };
		3B3FEC4A200859DD007506DC /* Main.storyboard in Resources */ = {isa = PBXBuildFile; fileRef = 3B3FEC48200859DD007506DC /* Main.storyboard */; };
		3B3FEC4C200859DD007506DC /* Assets.xcassets in Resources */ = {isa = PBXBuildFile; fileRef = 3B3FEC4B200859DD007506DC /* Assets.xcassets */; };
		3B3FEC4F200859DD007506DC /* LaunchScreen.storyboard in Resources */ = {isa = PBXBuildFile; fileRef = 3B3FEC4D200859DD007506DC /* LaunchScreen.storyboard */; };
		3B3FEC5A200859DD007506DC /* tipsterTests.swift in Sources */ = {isa = PBXBuildFile; fileRef = 3B3FEC59200859DD007506DC /* tipsterTests.swift */; };
		3B3FEC65200859DD007506DC /* tipsterUITests.swift in Sources */ = {isa = PBXBuildFile; fileRef = 3B3FEC64200859DD007506DC /* tipsterUITests.swift */; };
/* End PBXBuildFile section */

/* Begin PBXContainerItemProxy section */
		3B3FEC56200859DD007506DC /* PBXContainerItemProxy */ = {
			isa = PBXContainerItemProxy;
			containerPortal = 3B3FEC39200859DD007506DC /* Project object */;
			proxyType = 1;
			remoteGlobalIDString = 3B3FEC40200859DD007506DC;
			remoteInfo = tipster;
		};
		3B3FEC61200859DD007506DC /* PBXContainerItemProxy */ = {
			isa = PBXContainerItemProxy;
			containerPortal = 3B3FEC39200859DD007506DC /* Project object */;
			proxyType = 1;
			remoteGlobalIDString = 3B3FEC40200859DD007506DC;
			remoteInfo = tipster;
		};
/* End PBXContainerItemProxy section */

/* Begin PBXFileReference section */
		3B3FEC41200859DD007506DC /* tipster.app */ = {isa = PBXFileReference; explicitFileType = wrapper.application; includeInIndex = 0; path = tipster.app; sourceTree = BUILT_PRODUCTS_DIR; };
		3B3FEC44200859DD007506DC /* AppDelegate.swift */ = {isa = PBXFileReference; lastKnownFileType = sourcecode.swift; path = AppDelegate.swift; sourceTree = "<group>"; };
		3B3FEC46200859DD007506DC /* ViewController.swift */ = {isa = PBXFileReference; lastKnownFileType = sourcecode.swift; path = ViewController.swift; sourceTree = "<group>"; };
		3B3FEC49200859DD007506DC /* Base */ = {isa = PBXFileReference; lastKnownFileType = file.storyboard; name = Base; path = Base.lproj/Main.storyboard; sourceTree = "<group>"; };
		3B3FEC4B200859DD007506DC /* Assets.xcassets */ = {isa = PBXFileReference; lastKnownFileType = folder.assetcatalog; path = Assets.xcassets; sourceTree = "<group>"; };
		3B3FEC4E200859DD007506DC /* Base */ = {isa = PBXFileReference; lastKnownFileType = file.storyboard; name = Base; path = Base.lproj/LaunchScreen.storyboard; sourceTree = "<group>"; };
		3B3FEC50200859DD007506DC /* Info.plist */ = {isa = PBXFileReference; lastKnownFileType = text.plist.xml; path = Info.plist; sourceTree = "<group>"; };
		3B3FEC55200859DD007506DC /* tipsterTests.xctest */ = {isa = PBXFileReference; explicitFileType = wrapper.cfbundle; includeInIndex = 0; path = tipsterTests.xctest; sourceTree = BUILT_PRODUCTS_DIR; };
		3B3FEC59200859DD007506DC /* tipsterTests.swift */ = {isa = PBXFileReference; lastKnownFileType = sourcecode.swift; path = tipsterTests.swift; sourceTree = "<group>"; };
		3B3FEC5B200859DD007506DC /* Info.plist */ = {isa = PBXFileReference; lastKnownFileType = text.plist.xml; path = Info.plist; sourceTree = "<group>"; };
		3B3FEC60200859DD007506DC /* tipsterUITests.xctest */ = {isa = PBXFileReference; explicitFileType = wrapper.cfbundle; includeInIndex = 0; path = tipsterUITests.xctest; sourceTree = BUILT_PRODUCTS_DIR; };
		3B3FEC64200859DD007506DC /* tipsterUITests.swift */ = {isa = PBXFileReference; lastKnownFileType = sourcecode.swift; path = tipsterUITests.swift; sourceTree = "<group>"; };
		3B3FEC66200859DD007506DC /* Info.plist */ = {isa = PBXFileReference; lastKnownFileType = text.plist.xml; path = Info.plist; sourceTree = "<group>"; };
/* End PBXFileReference section */

/* Begin PBXFrameworksBuildPhase section */
		3B3FEC3E200859DD007506DC /* Frameworks */ = {
			isa = PBXFrameworksBuildPhase;
			buildActionMask = 2147483647;
			files = (
			);
			runOnlyForDeploymentPostprocessing = 0;
		};
		3B3FEC52200859DD007506DC /* Frameworks */ = {
			isa = PBXFrameworksBuildPhase;
			buildActionMask = 2147483647;
			files = (
			);
			runOnlyForDeploymentPostprocessing = 0;
		};
		3B3FEC5D200859DD007506DC /* Frameworks */ = {
			isa = PBXFrameworksBuildPhase;
			buildActionMask = 2147483647;
			files = (
			);
			runOnlyForDeploymentPostprocessing = 0;
		};
/* End PBXFrameworksBuildPhase section */

/* Begin PBXGroup section */
		3B3FEC38200859DD007506DC = {
			isa = PBXGroup;
			children = (
				3B3FEC43200859DD007506DC /* tipster */,
				3B3FEC58200859DD007506DC /* tipsterTests */,
				3B3FEC63200859DD007506DC /* tipsterUITests */,
				3B3FEC42200859DD007506DC /* Products */,
			);
			sourceTree = "<group>";
		};
		3B3FEC42200859DD007506DC /* Products */ = {
			isa = PBXGroup;
			children = (
				3B3FEC41200859DD007506DC /* tipster.app */,
				3B3FEC55200859DD007506DC /* tipsterTests.xctest */,
				3B3FEC60200859DD007506DC /* tipsterUITests.xctest */,
			);
			name = Products;
			sourceTree = "<group>";
		};
		3B3FEC43200859DD007506DC /* tipster */ = {
			isa = PBXGroup;
			children = (
				3B3FEC44200859DD007506DC /* AppDelegate.swift */,
				3B3FEC46200859DD007506DC /* ViewController.swift */,
				3B3FEC48200859DD007506DC /* Main.storyboard */,
				3B3FEC4B200859DD007506DC /* Assets.xcassets */,
				3B3FEC4D200859DD007506DC /* LaunchScreen.storyboard */,
				3B3FEC50200859DD007506DC /* Info.plist */,
			);
			path = tipster;
			sourceTree = "<group>";
		};
		3B3FEC58200859DD007506DC /* tipsterTests */ = {
			isa = PBXGroup;
			children = (
				3B3FEC59200859DD007506DC /* tipsterTests.swift */,
				3B3FEC5B200859DD007506DC /* Info.plist */,
			);
			path = tipsterTests;
			sourceTree = "<group>";
		};
		3B3FEC63200859DD007506DC /* tipsterUITests */ = {
			isa = PBXGroup;
			children = (
				3B3FEC64200859DD007506DC /* tipsterUITests.swift */,
				3B3FEC66200859DD007506DC /* Info.plist */,
			);
			path = tipsterUITests;
			sourceTree = "<group>";
		};
/* End PBXGroup section */

/* Begin PBXNativeTarget section */
		3B3FEC40200859DD007506DC /* tipster */ = {
			isa = PBXNativeTarget;
			buildConfigurationList = 3B3FEC69200859DD007506DC /* Build configuration list for PBXNativeTarget "tipster" */;
			buildPhases = (
				3B3FEC3D200859DD007506DC /* Sources */,
				3B3FEC3E200859DD007506DC /* Frameworks */,
				3B3FEC3F200859DD007506DC /* Resources */,
			);
			buildRules = (
			);
			dependencies = (
			);
			name = tipster;
			productName = tipster;
			productReference = 3B3FEC41200859DD007506DC /* tipster.app */;
			productType = "com.apple.product-type.application";
		};
		3B3FEC54200859DD007506DC /* tipsterTests */ = {
			isa = PBXNativeTarget;
			buildConfigurationList = 3B3FEC6C200859DD007506DC /* Build configuration list for PBXNativeTarget "tipsterTests" */;
			buildPhases = (
				3B3FEC51200859DD007506DC /* Sources */,
				3B3FEC52200859DD007506DC /* Frameworks */,
				3B3FEC53200859DD007506DC /* Resources */,
			);
			buildRules = (
			);
			dependencies = (
				3B3FEC57200859DD007506DC /* PBXTargetDependency */,
			);
			name = tipsterTests;
			productName = tipsterTests;
			productReference = 3B3FEC55200859DD007506DC /* tipsterTests.xctest */;
			productType = "com.apple.product-type.bundle.unit-test";
		};
		3B3FEC5F200859DD007506DC /* tipsterUITests */ = {
			isa = PBXNativeTarget;
			buildConfigurationList = 3B3FEC6F200859DD007506DC /* Build configuration list for PBXNativeTarget "tipsterUITests" */;
			buildPhases = (
				3B3FEC5C200859DD007506DC /* Sources */,
				3B3FEC5D200859DD007506DC /* Frameworks */,
				3B3FEC5E200859DD007506DC /* Resources */,
			);
			buildRules = (
			);
			dependencies = (
				3B3FEC62200859DD007506DC /* PBXTargetDependency */,
			);
			name = tipsterUITests;
			productName = tipsterUITests;
			productReference = 3B3FEC60200859DD007506DC /* tipsterUITests.xctest */;
			productType = "com.apple.product-type.bundle.ui-testing";
		};
/* End PBXNativeTarget section */

/* Begin PBXProject section */
		3B3FEC39200859DD007506DC /* Project object */ = {
			isa = PBXProject;
			attributes = {
				LastSwiftUpdateCheck = 0920;
				LastUpgradeCheck = 0920;
				ORGANIZATIONNAME = "Seyma Akin";
				TargetAttributes = {
					3B3FEC40200859DD007506DC = {
						CreatedOnToolsVersion = 9.2;
						ProvisioningStyle = Automatic;
					};
					3B3FEC54200859DD007506DC = {
						CreatedOnToolsVersion = 9.2;
						ProvisioningStyle = Automatic;
						TestTargetID = 3B3FEC40200859DD007506DC;
					};
					3B3FEC5F200859DD007506DC = {
						CreatedOnToolsVersion = 9.2;
						ProvisioningStyle = Automatic;
						TestTargetID = 3B3FEC40200859DD007506DC;
					};
				};
			};
			buildConfigurationList = 3B3FEC3C200859DD007506DC /* Build configuration list for PBXProject "tipster" */;
			compatibilityVersion = "Xcode 8.0";
			developmentRegion = en;
			hasScannedForEncodings = 0;
			knownRegions = (
				en,
				Base,
			);
			mainGroup = 3B3FEC38200859DD007506DC;
			productRefGroup = 3B3FEC42200859DD007506DC /* Products */;
			projectDirPath = "";
			projectRoot = "";
			targets = (
				3B3FEC40200859DD007506DC /* tipster */,
				3B3FEC54200859DD007506DC /* tipsterTests */,
				3B3FEC5F200859DD007506DC /* tipsterUITests */,
			);
		};
/* End PBXProject section */

/* Begin PBXResourcesBuildPhase section */
		3B3FEC3F200859DD007506DC /* Resources */ = {
			isa = PBXResourcesBuildPhase;
			buildActionMask = 2147483647;
			files = (
				3B3FEC4F200859DD007506DC /* LaunchScreen.storyboard in Resources */,
				3B3FEC4C200859DD007506DC /* Assets.xcassets in Resources */,
				3B3FEC4A200859DD007506DC /* Main.storyboard in Resources */,
			);
			runOnlyForDeploymentPostprocessing = 0;
		};
		3B3FEC53200859DD007506DC /* Resources */ = {
			isa = PBXResourcesBuildPhase;
			buildActionMask = 2147483647;
			files = (
			);
			runOnlyForDeploymentPostprocessing = 0;
		};
		3B3FEC5E200859DD007506DC /* Resources */ = {
			isa = PBXResourcesBuildPhase;
			buildActionMask = 2147483647;
			files = (
			);
			runOnlyForDeploymentPostprocessing = 0;
		};
/* End PBXResourcesBuildPhase section */

/* Begin PBXSourcesBuildPhase section */
		3B3FEC3D200859DD007506DC /* Sources */ = {
			isa = PBXSourcesBuildPhase;
			buildActionMask = 2147483647;
			files = (
				3B3FEC47200859DD007506DC /* ViewController.swift in Sources */,
				3B3FEC45200859DD007506DC /* AppDelegate.swift in Sources */,
			);
			runOnlyForDeploymentPostprocessing = 0;
		};
		3B3FEC51200859DD007506DC /* Sources */ = {
			isa = PBXSourcesBuildPhase;
			buildActionMask = 2147483647;
			files = (
				3B3FEC5A200859DD007506DC /* tipsterTests.swift in Sources */,
			);
			runOnlyForDeploymentPostprocessing = 0;
		};
		3B3FEC5C200859DD007506DC /* Sources */ = {
			isa = PBXSourcesBuildPhase;
			buildActionMask = 2147483647;
			files = (
				3B3FEC65200859DD007506DC /* tipsterUITests.swift in Sources */,
			);
			runOnlyForDeploymentPostprocessing = 0;
		};
/* End PBXSourcesBuildPhase section */

/* Begin PBXTargetDependency section */
		3B3FEC57200859DD007506DC /* PBXTargetDependency */ = {
			isa = PBXTargetDependency;
			target = 3B3FEC40200859DD007506DC /* tipster */;
			targetProxy = 3B3FEC56200859DD007506DC /* PBXContainerItemProxy */;
		};
		3B3FEC62200859DD007506DC /* PBXTargetDependency */ = {
			isa = PBXTargetDependency;
			target = 3B3FEC40200859DD007506DC /* tipster */;
			targetProxy = 3B3FEC61200859DD007506DC /* PBXContainerItemProxy */;
		};
/* End PBXTargetDependency section */

/* Begin PBXVariantGroup section */
		3B3FEC48200859DD007506DC /* Main.storyboard */ = {
			isa = PBXVariantGroup;
			children = (
				3B3FEC49200859DD007506DC /* Base */,
			);
			name = Main.storyboard;
			sourceTree = "<group>";
		};
		3B3FEC4D200859DD007506DC /* LaunchScreen.storyboard */ = {
			isa = PBXVariantGroup;
			children = (
				3B3FEC4E200859DD007506DC /* Base */,
			);
			name = LaunchScreen.storyboard;
			sourceTree = "<group>";
		};
/* End PBXVariantGroup section */

/* Begin XCBuildConfiguration section */
		3B3FEC67200859DD007506DC /* Debug */ = {
			isa = XCBuildConfiguration;
			buildSettings = {
				ALWAYS_SEARCH_USER_PATHS = NO;
				CLANG_ANALYZER_NONNULL = YES;
				CLANG_ANALYZER_NUMBER_OBJECT_CONVERSION = YES_AGGRESSIVE;
				CLANG_CXX_LANGUAGE_STANDARD = "gnu++14";
				CLANG_CXX_LIBRARY = "libc++";
				CLANG_ENABLE_MODULES = YES;
				CLANG_ENABLE_OBJC_ARC = YES;
				CLANG_WARN_BLOCK_CAPTURE_AUTORELEASING = YES;
				CLANG_WARN_BOOL_CONVERSION = YES;
				CLANG_WARN_COMMA = YES;
				CLANG_WARN_CONSTANT_CONVERSION = YES;
				CLANG_WARN_DIRECT_OBJC_ISA_USAGE = YES_ERROR;
				CLANG_WARN_DOCUMENTATION_COMMENTS = YES;
				CLANG_WARN_EMPTY_BODY = YES;
				CLANG_WARN_ENUM_CONVERSION = YES;
				CLANG_WARN_INFINITE_RECURSION = YES;
				CLANG_WARN_INT_CONVERSION = YES;
				CLANG_WARN_NON_LITERAL_NULL_CONVERSION = YES;
				CLANG_WARN_OBJC_LITERAL_CONVERSION = YES;
				CLANG_WARN_OBJC_ROOT_CLASS = YES_ERROR;
				CLANG_WARN_RANGE_LOOP_ANALYSIS = YES;
				CLANG_WARN_STRICT_PROTOTYPES = YES;
				CLANG_WARN_SUSPICIOUS_MOVE = YES;
				CLANG_WARN_UNGUARDED_AVAILABILITY = YES_AGGRESSIVE;
				CLANG_WARN_UNREACHABLE_CODE = YES;
				CLANG_WARN__DUPLICATE_METHOD_MATCH = YES;
				CODE_SIGN_IDENTITY = "iPhone Developer";
				COPY_PHASE_STRIP = NO;
				DEBUG_INFORMATION_FORMAT = dwarf;
				ENABLE_STRICT_OBJC_MSGSEND = YES;
				ENABLE_TESTABILITY = YES;
				GCC_C_LANGUAGE_STANDARD = gnu11;
				GCC_DYNAMIC_NO_PIC = NO;
				GCC_NO_COMMON_BLOCKS = YES;
				GCC_OPTIMIZATION_LEVEL = 0;
				GCC_PREPROCESSOR_DEFINITIONS = (
					"DEBUG=1",
					"$(inherited)",
				);
				GCC_WARN_64_TO_32_BIT_CONVERSION = YES;
				GCC_WARN_ABOUT_RETURN_TYPE = YES_ERROR;
				GCC_WARN_UNDECLARED_SELECTOR = YES;
				GCC_WARN_UNINITIALIZED_AUTOS = YES_AGGRESSIVE;
				GCC_WARN_UNUSED_FUNCTION = YES;
				GCC_WARN_UNUSED_VARIABLE = YES;
				IPHONEOS_DEPLOYMENT_TARGET = 11.2;
				MTL_ENABLE_DEBUG_INFO = YES;
				ONLY_ACTIVE_ARCH = YES;
				SDKROOT = iphoneos;
				SWIFT_ACTIVE_COMPILATION_CONDITIONS = DEBUG;
				SWIFT_OPTIMIZATION_LEVEL = "-Onone";
			};
			name = Debug;
		};
		3B3FEC68200859DD007506DC /* Release */ = {
			isa = XCBuildConfiguration;
			buildSettings = {
				ALWAYS_SEARCH_USER_PATHS = NO;
				CLANG_ANALYZER_NONNULL = YES;
				CLANG_ANALYZER_NUMBER_OBJECT_CONVERSION = YES_AGGRESSIVE;
				CLANG_CXX_LANGUAGE_STANDARD = "gnu++14";
				CLANG_CXX_LIBRARY = "libc++";
				CLANG_ENABLE_MODULES = YES;
				CLANG_ENABLE_OBJC_ARC = YES;
				CLANG_WARN_BLOCK_CAPTURE_AUTORELEASING = YES;
				CLANG_WARN_BOOL_CONVERSION = YES;
				CLANG_WARN_COMMA = YES;
				CLANG_WARN_CONSTANT_CONVERSION = YES;
				CLANG_WARN_DIRECT_OBJC_ISA_USAGE = YES_ERROR;
				CLANG_WARN_DOCUMENTATION_COMMENTS = YES;
				CLANG_WARN_EMPTY_BODY = YES;
				CLANG_WARN_ENUM_CONVERSION = YES;
				CLANG_WARN_INFINITE_RECURSION = YES;
				CLANG_WARN_INT_CONVERSION = YES;
				CLANG_WARN_NON_LITERAL_NULL_CONVERSION = YES;
				CLANG_WARN_OBJC_LITERAL_CONVERSION = YES;
				CLANG_WARN_OBJC_ROOT_CLASS = YES_ERROR;
				CLANG_WARN_RANGE_LOOP_ANALYSIS = YES;
				CLANG_WARN_STRICT_PROTOTYPES = YES;
				CLANG_WARN_SUSPICIOUS_MOVE = YES;
				CLANG_WARN_UNGUARDED_AVAILABILITY = YES_AGGRESSIVE;
				CLANG_WARN_UNREACHABLE_CODE = YES;
				CLANG_WARN__DUPLICATE_METHOD_MATCH = YES;
				CODE_SIGN_IDENTITY = "iPhone Developer";
				COPY_PHASE_STRIP = NO;
				DEBUG_INFORMATION_FORMAT = "dwarf-with-dsym";
				ENABLE_NS_ASSERTIONS = NO;
				ENABLE_STRICT_OBJC_MSGSEND = YES;
				GCC_C_LANGUAGE_STANDARD = gnu11;
				GCC_NO_COMMON_BLOCKS = YES;
				GCC_WARN_64_TO_32_BIT_CONVERSION = YES;
				GCC_WARN_ABOUT_RETURN_TYPE = YES_ERROR;
				GCC_WARN_UNDECLARED_SELECTOR = YES;
				GCC_WARN_UNINITIALIZED_AUTOS = YES_AGGRESSIVE;
				GCC_WARN_UNUSED_FUNCTION = YES;
				GCC_WARN_UNUSED_VARIABLE = YES;
				IPHONEOS_DEPLOYMENT_TARGET = 11.2;
				MTL_ENABLE_DEBUG_INFO = NO;
				SDKROOT = iphoneos;
				SWIFT_OPTIMIZATION_LEVEL = "-Owholemodule";
				VALIDATE_PRODUCT = YES;
			};
			name = Release;
		};
		3B3FEC6A200859DD007506DC /* Debug */ = {
			isa = XCBuildConfiguration;
			buildSettings = {
				ASSETCATALOG_COMPILER_APPICON_NAME = AppIcon;
				CODE_SIGN_STYLE = Automatic;
				DEVELOPMENT_TEAM = 663CTGYRHE;
				INFOPLIST_FILE = tipster/Info.plist;
				LD_RUNPATH_SEARCH_PATHS = "$(inherited) @executable_path/Frameworks";
				PRODUCT_BUNDLE_IDENTIFIER = com.seymaakin.tipster;
				PRODUCT_NAME = "$(TARGET_NAME)";
				SWIFT_VERSION = 4.0;
				TARGETED_DEVICE_FAMILY = "1,2";
			};
			name = Debug;
		};
		3B3FEC6B200859DD007506DC /* Release */ = {
			isa = XCBuildConfiguration;
			buildSettings = {
				ASSETCATALOG_COMPILER_APPICON_NAME = AppIcon;
				CODE_SIGN_STYLE = Automatic;
				DEVELOPMENT_TEAM = 663CTGYRHE;
				INFOPLIST_FILE = tipster/Info.plist;
				LD_RUNPATH_SEARCH_PATHS = "$(inherited) @executable_path/Frameworks";
				PRODUCT_BUNDLE_IDENTIFIER = com.seymaakin.tipster;
				PRODUCT_NAME = "$(TARGET_NAME)";
				SWIFT_VERSION = 4.0;
				TARGETED_DEVICE_FAMILY = "1,2";
			};
			name = Release;
		};
		3B3FEC6D200859DD007506DC /* Debug */ = {
			isa = XCBuildConfiguration;
			buildSettings = {
				ALWAYS_EMBED_SWIFT_STANDARD_LIBRARIES = YES;
				BUNDLE_LOADER = "$(TEST_HOST)";
				CODE_SIGN_STYLE = Automatic;
				INFOPLIST_FILE = tipsterTests/Info.plist;
				LD_RUNPATH_SEARCH_PATHS = "$(inherited) @executable_path/Frameworks @loader_path/Frameworks";
				PRODUCT_BUNDLE_IDENTIFIER = com.seymaakin.tipsterTests;
				PRODUCT_NAME = "$(TARGET_NAME)";
				SWIFT_VERSION = 4.0;
				TARGETED_DEVICE_FAMILY = "1,2";
				TEST_HOST = "$(BUILT_PRODUCTS_DIR)/tipster.app/tipster";
			};
			name = Debug;
		};
		3B3FEC6E200859DD007506DC /* Release */ = {
			isa = XCBuildConfiguration;
			buildSettings = {
				ALWAYS_EMBED_SWIFT_STANDARD_LIBRARIES = YES;
				BUNDLE_LOADER = "$(TEST_HOST)";
				CODE_SIGN_STYLE = Automatic;
				INFOPLIST_FILE = tipsterTests/Info.plist;
				LD_RUNPATH_SEARCH_PATHS = "$(inherited) @executable_path/Frameworks @loader_path/Frameworks";
				PRODUCT_BUNDLE_IDENTIFIER = com.seymaakin.tipsterTests;
				PRODUCT_NAME = "$(TARGET_NAME)";
				SWIFT_VERSION = 4.0;
				TARGETED_DEVICE_FAMILY = "1,2";
				TEST_HOST = "$(BUILT_PRODUCTS_DIR)/tipster.app/tipster";
			};
			name = Release;
		};
		3B3FEC70200859DD007506DC /* Debug */ = {
			isa = XCBuildConfiguration;
			buildSettings = {
				ALWAYS_EMBED_SWIFT_STANDARD_LIBRARIES = YES;
				CODE_SIGN_STYLE = Automatic;
				INFOPLIST_FILE = tipsterUITests/Info.plist;
				LD_RUNPATH_SEARCH_PATHS = "$(inherited) @executable_path/Frameworks @loader_path/Frameworks";
				PRODUCT_BUNDLE_IDENTIFIER = com.seymaakin.tipsterUITests;
				PRODUCT_NAME = "$(TARGET_NAME)";
				SWIFT_VERSION = 4.0;
				TARGETED_DEVICE_FAMILY = "1,2";
				TEST_TARGET_NAME = tipster;
			};
			name = Debug;
		};
		3B3FEC71200859DD007506DC /* Release */ = {
			isa = XCBuildConfiguration;
			buildSettings = {
				ALWAYS_EMBED_SWIFT_STANDARD_LIBRARIES = YES;
				CODE_SIGN_STYLE = Automatic;
				INFOPLIST_FILE = tipsterUITests/Info.plist;
				LD_RUNPATH_SEARCH_PATHS = "$(inherited) @executable_path/Frameworks @loader_path/Frameworks";
				PRODUCT_BUNDLE_IDENTIFIER = com.seymaakin.tipsterUITests;
				PRODUCT_NAME = "$(TARGET_NAME)";
				SWIFT_VERSION = 4.0;
				TARGETED_DEVICE_FAMILY = "1,2";
				TEST_TARGET_NAME = tipster;
			};
			name = Release;
		};
/* End XCBuildConfiguration section */

/* Begin XCConfigurationList section */
		3B3FEC3C200859DD007506DC /* Build configuration list for PBXProject "tipster" */ = {
			isa = XCConfigurationList;
			buildConfigurations = (
				3B3FEC67200859DD007506DC /* Debug */,
				3B3FEC68200859DD007506DC /* Release */,
			);
			defaultConfigurationIsVisible = 0;
			defaultConfigurationName = Release;
		};
		3B3FEC69200859DD007506DC /* Build configuration list for PBXNativeTarget "tipster" */ = {
			isa = XCConfigurationList;
			buildConfigurations = (
				3B3FEC6A200859DD007506DC /* Debug */,
				3B3FEC6B200859DD007506DC /* Release */,
			);
			defaultConfigurationIsVisible = 0;
			defaultConfigurationName = Release;
		};
		3B3FEC6C200859DD007506DC /* Build configuration list for PBXNativeTarget "tipsterTests" */ = {
			isa = XCConfigurationList;
			buildConfigurations = (
				3B3FEC6D200859DD007506DC /* Debug */,
				3B3FEC6E200859DD007506DC /* Release */,
			);
			defaultConfigurationIsVisible = 0;
			defaultConfigurationName = Release;
		};
		3B3FEC6F200859DD007506DC /* Build configuration list for PBXNativeTarget "tipsterUITests" */ = {
			isa = XCConfigurationList;
			buildConfigurations = (
				3B3FEC70200859DD007506DC /* Debug */,
				3B3FEC71200859DD007506DC /* Release */,
			);
			defaultConfigurationIsVisible = 0;
			defaultConfigurationName = Release;
		};
/* End XCConfigurationList section */
	};
	rootObject = 3B3FEC39200859DD007506DC /* Project object */;
}
