// !$*UTF8*$!
{
	archiveVersion = 1;
	classes = {
	};
	objectVersion = 48;
	objects = {

/* Begin PBXBuildFile section */
		3B9DCF46200DF39A00516A00 /* AppDelegate.swift in Sources */ = {isa = PBXBuildFile; fileRef = 3B9DCF45200DF39A00516A00 /* AppDelegate.swift */; };
		3B9DCF48200DF39A00516A00 /* ViewController.swift in Sources */ = {isa = PBXBuildFile; fileRef = 3B9DCF47200DF39A00516A00 /* ViewController.swift */; };
		3B9DCF4B200DF39A00516A00 /* Main.storyboard in Resources */ = {isa = PBXBuildFile; fileRef = 3B9DCF49200DF39A00516A00 /* Main.storyboard */; };
		3B9DCF4D200DF39A00516A00 /* Assets.xcassets in Resources */ = {isa = PBXBuildFile; fileRef = 3B9DCF4C200DF39A00516A00 /* Assets.xcassets */; };
		3B9DCF50200DF39A00516A00 /* LaunchScreen.storyboard in Resources */ = {isa = PBXBuildFile; fileRef = 3B9DCF4E200DF39A00516A00 /* LaunchScreen.storyboard */; };
		3B9DCF5B200DF39A00516A00 /* rainbowRoadTests.swift in Sources */ = {isa = PBXBuildFile; fileRef = 3B9DCF5A200DF39A00516A00 /* rainbowRoadTests.swift */; };
		3B9DCF66200DF39A00516A00 /* rainbowRoadUITests.swift in Sources */ = {isa = PBXBuildFile; fileRef = 3B9DCF65200DF39A00516A00 /* rainbowRoadUITests.swift */; };
/* End PBXBuildFile section */

/* Begin PBXContainerItemProxy section */
		3B9DCF57200DF39A00516A00 /* PBXContainerItemProxy */ = {
			isa = PBXContainerItemProxy;
			containerPortal = 3B9DCF3A200DF39A00516A00 /* Project object */;
			proxyType = 1;
			remoteGlobalIDString = 3B9DCF41200DF39A00516A00;
			remoteInfo = rainbowRoad;
		};
		3B9DCF62200DF39A00516A00 /* PBXContainerItemProxy */ = {
			isa = PBXContainerItemProxy;
			containerPortal = 3B9DCF3A200DF39A00516A00 /* Project object */;
			proxyType = 1;
			remoteGlobalIDString = 3B9DCF41200DF39A00516A00;
			remoteInfo = rainbowRoad;
		};
/* End PBXContainerItemProxy section */

/* Begin PBXFileReference section */
		3B9DCF42200DF39A00516A00 /* rainbowRoad.app */ = {isa = PBXFileReference; explicitFileType = wrapper.application; includeInIndex = 0; path = rainbowRoad.app; sourceTree = BUILT_PRODUCTS_DIR; };
		3B9DCF45200DF39A00516A00 /* AppDelegate.swift */ = {isa = PBXFileReference; lastKnownFileType = sourcecode.swift; path = AppDelegate.swift; sourceTree = "<group>"; };
		3B9DCF47200DF39A00516A00 /* ViewController.swift */ = {isa = PBXFileReference; lastKnownFileType = sourcecode.swift; path = ViewController.swift; sourceTree = "<group>"; };
		3B9DCF4A200DF39A00516A00 /* Base */ = {isa = PBXFileReference; lastKnownFileType = file.storyboard; name = Base; path = Base.lproj/Main.storyboard; sourceTree = "<group>"; };
		3B9DCF4C200DF39A00516A00 /* Assets.xcassets */ = {isa = PBXFileReference; lastKnownFileType = folder.assetcatalog; path = Assets.xcassets; sourceTree = "<group>"; };
		3B9DCF4F200DF39A00516A00 /* Base */ = {isa = PBXFileReference; lastKnownFileType = file.storyboard; name = Base; path = Base.lproj/LaunchScreen.storyboard; sourceTree = "<group>"; };
		3B9DCF51200DF39A00516A00 /* Info.plist */ = {isa = PBXFileReference; lastKnownFileType = text.plist.xml; path = Info.plist; sourceTree = "<group>"; };
		3B9DCF56200DF39A00516A00 /* rainbowRoadTests.xctest */ = {isa = PBXFileReference; explicitFileType = wrapper.cfbundle; includeInIndex = 0; path = rainbowRoadTests.xctest; sourceTree = BUILT_PRODUCTS_DIR; };
		3B9DCF5A200DF39A00516A00 /* rainbowRoadTests.swift */ = {isa = PBXFileReference; lastKnownFileType = sourcecode.swift; path = rainbowRoadTests.swift; sourceTree = "<group>"; };
		3B9DCF5C200DF39A00516A00 /* Info.plist */ = {isa = PBXFileReference; lastKnownFileType = text.plist.xml; path = Info.plist; sourceTree = "<group>"; };
		3B9DCF61200DF39A00516A00 /* rainbowRoadUITests.xctest */ = {isa = PBXFileReference; explicitFileType = wrapper.cfbundle; includeInIndex = 0; path = rainbowRoadUITests.xctest; sourceTree = BUILT_PRODUCTS_DIR; };
		3B9DCF65200DF39A00516A00 /* rainbowRoadUITests.swift */ = {isa = PBXFileReference; lastKnownFileType = sourcecode.swift; path = rainbowRoadUITests.swift; sourceTree = "<group>"; };
		3B9DCF67200DF39A00516A00 /* Info.plist */ = {isa = PBXFileReference; lastKnownFileType = text.plist.xml; path = Info.plist; sourceTree = "<group>"; };
/* End PBXFileReference section */

/* Begin PBXFrameworksBuildPhase section */
		3B9DCF3F200DF39A00516A00 /* Frameworks */ = {
			isa = PBXFrameworksBuildPhase;
			buildActionMask = 2147483647;
			files = (
			);
			runOnlyForDeploymentPostprocessing = 0;
		};
		3B9DCF53200DF39A00516A00 /* Frameworks */ = {
			isa = PBXFrameworksBuildPhase;
			buildActionMask = 2147483647;
			files = (
			);
			runOnlyForDeploymentPostprocessing = 0;
		};
		3B9DCF5E200DF39A00516A00 /* Frameworks */ = {
			isa = PBXFrameworksBuildPhase;
			buildActionMask = 2147483647;
			files = (
			);
			runOnlyForDeploymentPostprocessing = 0;
		};
/* End PBXFrameworksBuildPhase section */

/* Begin PBXGroup section */
		3B9DCF39200DF39A00516A00 = {
			isa = PBXGroup;
			children = (
				3B9DCF44200DF39A00516A00 /* rainbowRoad */,
				3B9DCF59200DF39A00516A00 /* rainbowRoadTests */,
				3B9DCF64200DF39A00516A00 /* rainbowRoadUITests */,
				3B9DCF43200DF39A00516A00 /* Products */,
			);
			sourceTree = "<group>";
		};
		3B9DCF43200DF39A00516A00 /* Products */ = {
			isa = PBXGroup;
			children = (
				3B9DCF42200DF39A00516A00 /* rainbowRoad.app */,
				3B9DCF56200DF39A00516A00 /* rainbowRoadTests.xctest */,
				3B9DCF61200DF39A00516A00 /* rainbowRoadUITests.xctest */,
			);
			name = Products;
			sourceTree = "<group>";
		};
		3B9DCF44200DF39A00516A00 /* rainbowRoad */ = {
			isa = PBXGroup;
			children = (
				3B9DCF45200DF39A00516A00 /* AppDelegate.swift */,
				3B9DCF47200DF39A00516A00 /* ViewController.swift */,
				3B9DCF49200DF39A00516A00 /* Main.storyboard */,
				3B9DCF4C200DF39A00516A00 /* Assets.xcassets */,
				3B9DCF4E200DF39A00516A00 /* LaunchScreen.storyboard */,
				3B9DCF51200DF39A00516A00 /* Info.plist */,
			);
			path = rainbowRoad;
			sourceTree = "<group>";
		};
		3B9DCF59200DF39A00516A00 /* rainbowRoadTests */ = {
			isa = PBXGroup;
			children = (
				3B9DCF5A200DF39A00516A00 /* rainbowRoadTests.swift */,
				3B9DCF5C200DF39A00516A00 /* Info.plist */,
			);
			path = rainbowRoadTests;
			sourceTree = "<group>";
		};
		3B9DCF64200DF39A00516A00 /* rainbowRoadUITests */ = {
			isa = PBXGroup;
			children = (
				3B9DCF65200DF39A00516A00 /* rainbowRoadUITests.swift */,
				3B9DCF67200DF39A00516A00 /* Info.plist */,
			);
			path = rainbowRoadUITests;
			sourceTree = "<group>";
		};
/* End PBXGroup section */

/* Begin PBXNativeTarget section */
		3B9DCF41200DF39A00516A00 /* rainbowRoad */ = {
			isa = PBXNativeTarget;
			buildConfigurationList = 3B9DCF6A200DF39A00516A00 /* Build configuration list for PBXNativeTarget "rainbowRoad" */;
			buildPhases = (
				3B9DCF3E200DF39A00516A00 /* Sources */,
				3B9DCF3F200DF39A00516A00 /* Frameworks */,
				3B9DCF40200DF39A00516A00 /* Resources */,
			);
			buildRules = (
			);
			dependencies = (
			);
			name = rainbowRoad;
			productName = rainbowRoad;
			productReference = 3B9DCF42200DF39A00516A00 /* rainbowRoad.app */;
			productType = "com.apple.product-type.application";
		};
		3B9DCF55200DF39A00516A00 /* rainbowRoadTests */ = {
			isa = PBXNativeTarget;
			buildConfigurationList = 3B9DCF6D200DF39A00516A00 /* Build configuration list for PBXNativeTarget "rainbowRoadTests" */;
			buildPhases = (
				3B9DCF52200DF39A00516A00 /* Sources */,
				3B9DCF53200DF39A00516A00 /* Frameworks */,
				3B9DCF54200DF39A00516A00 /* Resources */,
			);
			buildRules = (
			);
			dependencies = (
				3B9DCF58200DF39A00516A00 /* PBXTargetDependency */,
			);
			name = rainbowRoadTests;
			productName = rainbowRoadTests;
			productReference = 3B9DCF56200DF39A00516A00 /* rainbowRoadTests.xctest */;
			productType = "com.apple.product-type.bundle.unit-test";
		};
		3B9DCF60200DF39A00516A00 /* rainbowRoadUITests */ = {
			isa = PBXNativeTarget;
			buildConfigurationList = 3B9DCF70200DF39A00516A00 /* Build configuration list for PBXNativeTarget "rainbowRoadUITests" */;
			buildPhases = (
				3B9DCF5D200DF39A00516A00 /* Sources */,
				3B9DCF5E200DF39A00516A00 /* Frameworks */,
				3B9DCF5F200DF39A00516A00 /* Resources */,
			);
			buildRules = (
			);
			dependencies = (
				3B9DCF63200DF39A00516A00 /* PBXTargetDependency */,
			);
			name = rainbowRoadUITests;
			productName = rainbowRoadUITests;
			productReference = 3B9DCF61200DF39A00516A00 /* rainbowRoadUITests.xctest */;
			productType = "com.apple.product-type.bundle.ui-testing";
		};
/* End PBXNativeTarget section */

/* Begin PBXProject section */
		3B9DCF3A200DF39A00516A00 /* Project object */ = {
			isa = PBXProject;
			attributes = {
				LastSwiftUpdateCheck = 0920;
				LastUpgradeCheck = 0920;
				ORGANIZATIONNAME = "Seyma Akin";
				TargetAttributes = {
					3B9DCF41200DF39A00516A00 = {
						CreatedOnToolsVersion = 9.2;
						ProvisioningStyle = Automatic;
					};
					3B9DCF55200DF39A00516A00 = {
						CreatedOnToolsVersion = 9.2;
						ProvisioningStyle = Automatic;
						TestTargetID = 3B9DCF41200DF39A00516A00;
					};
					3B9DCF60200DF39A00516A00 = {
						CreatedOnToolsVersion = 9.2;
						ProvisioningStyle = Automatic;
						TestTargetID = 3B9DCF41200DF39A00516A00;
					};
				};
			};
			buildConfigurationList = 3B9DCF3D200DF39A00516A00 /* Build configuration list for PBXProject "rainbowRoad" */;
			compatibilityVersion = "Xcode 8.0";
			developmentRegion = en;
			hasScannedForEncodings = 0;
			knownRegions = (
				en,
				Base,
			);
			mainGroup = 3B9DCF39200DF39A00516A00;
			productRefGroup = 3B9DCF43200DF39A00516A00 /* Products */;
			projectDirPath = "";
			projectRoot = "";
			targets = (
				3B9DCF41200DF39A00516A00 /* rainbowRoad */,
				3B9DCF55200DF39A00516A00 /* rainbowRoadTests */,
				3B9DCF60200DF39A00516A00 /* rainbowRoadUITests */,
			);
		};
/* End PBXProject section */

/* Begin PBXResourcesBuildPhase section */
		3B9DCF40200DF39A00516A00 /* Resources */ = {
			isa = PBXResourcesBuildPhase;
			buildActionMask = 2147483647;
			files = (
				3B9DCF50200DF39A00516A00 /* LaunchScreen.storyboard in Resources */,
				3B9DCF4D200DF39A00516A00 /* Assets.xcassets in Resources */,
				3B9DCF4B200DF39A00516A00 /* Main.storyboard in Resources */,
			);
			runOnlyForDeploymentPostprocessing = 0;
		};
		3B9DCF54200DF39A00516A00 /* Resources */ = {
			isa = PBXResourcesBuildPhase;
			buildActionMask = 2147483647;
			files = (
			);
			runOnlyForDeploymentPostprocessing = 0;
		};
		3B9DCF5F200DF39A00516A00 /* Resources */ = {
			isa = PBXResourcesBuildPhase;
			buildActionMask = 2147483647;
			files = (
			);
			runOnlyForDeploymentPostprocessing = 0;
		};
/* End PBXResourcesBuildPhase section */

/* Begin PBXSourcesBuildPhase section */
		3B9DCF3E200DF39A00516A00 /* Sources */ = {
			isa = PBXSourcesBuildPhase;
			buildActionMask = 2147483647;
			files = (
				3B9DCF48200DF39A00516A00 /* ViewController.swift in Sources */,
				3B9DCF46200DF39A00516A00 /* AppDelegate.swift in Sources */,
			);
			runOnlyForDeploymentPostprocessing = 0;
		};
		3B9DCF52200DF39A00516A00 /* Sources */ = {
			isa = PBXSourcesBuildPhase;
			buildActionMask = 2147483647;
			files = (
				3B9DCF5B200DF39A00516A00 /* rainbowRoadTests.swift in Sources */,
			);
			runOnlyForDeploymentPostprocessing = 0;
		};
		3B9DCF5D200DF39A00516A00 /* Sources */ = {
			isa = PBXSourcesBuildPhase;
			buildActionMask = 2147483647;
			files = (
				3B9DCF66200DF39A00516A00 /* rainbowRoadUITests.swift in Sources */,
			);
			runOnlyForDeploymentPostprocessing = 0;
		};
/* End PBXSourcesBuildPhase section */

/* Begin PBXTargetDependency section */
		3B9DCF58200DF39A00516A00 /* PBXTargetDependency */ = {
			isa = PBXTargetDependency;
			target = 3B9DCF41200DF39A00516A00 /* rainbowRoad */;
			targetProxy = 3B9DCF57200DF39A00516A00 /* PBXContainerItemProxy */;
		};
		3B9DCF63200DF39A00516A00 /* PBXTargetDependency */ = {
			isa = PBXTargetDependency;
			target = 3B9DCF41200DF39A00516A00 /* rainbowRoad */;
			targetProxy = 3B9DCF62200DF39A00516A00 /* PBXContainerItemProxy */;
		};
/* End PBXTargetDependency section */

/* Begin PBXVariantGroup section */
		3B9DCF49200DF39A00516A00 /* Main.storyboard */ = {
			isa = PBXVariantGroup;
			children = (
				3B9DCF4A200DF39A00516A00 /* Base */,
			);
			name = Main.storyboard;
			sourceTree = "<group>";
		};
		3B9DCF4E200DF39A00516A00 /* LaunchScreen.storyboard */ = {
			isa = PBXVariantGroup;
			children = (
				3B9DCF4F200DF39A00516A00 /* Base */,
			);
			name = LaunchScreen.storyboard;
			sourceTree = "<group>";
		};
/* End PBXVariantGroup section */

/* Begin XCBuildConfiguration section */
		3B9DCF68200DF39A00516A00 /* Debug */ = {
			isa = XCBuildConfiguration;
			buildSettings = {
				ALWAYS_SEARCH_USER_PATHS = NO;
				CLANG_ANALYZER_NONNULL = YES;
				CLANG_ANALYZER_NUMBER_OBJECT_CONVERSION = YES_AGGRESSIVE;
				CLANG_CXX_LANGUAGE_STANDARD = "gnu++14";
				CLANG_CXX_LIBRARY = "libc++";
				CLANG_ENABLE_MODULES = YES;
				CLANG_ENABLE_OBJC_ARC = YES;
				CLANG_WARN_BLOCK_CAPTURE_AUTORELEASING = YES;
				CLANG_WARN_BOOL_CONVERSION = YES;
				CLANG_WARN_COMMA = YES;
				CLANG_WARN_CONSTANT_CONVERSION = YES;
				CLANG_WARN_DIRECT_OBJC_ISA_USAGE = YES_ERROR;
				CLANG_WARN_DOCUMENTATION_COMMENTS = YES;
				CLANG_WARN_EMPTY_BODY = YES;
				CLANG_WARN_ENUM_CONVERSION = YES;
				CLANG_WARN_INFINITE_RECURSION = YES;
				CLANG_WARN_INT_CONVERSION = YES;
				CLANG_WARN_NON_LITERAL_NULL_CONVERSION = YES;
				CLANG_WARN_OBJC_LITERAL_CONVERSION = YES;
				CLANG_WARN_OBJC_ROOT_CLASS = YES_ERROR;
				CLANG_WARN_RANGE_LOOP_ANALYSIS = YES;
				CLANG_WARN_STRICT_PROTOTYPES = YES;
				CLANG_WARN_SUSPICIOUS_MOVE = YES;
				CLANG_WARN_UNGUARDED_AVAILABILITY = YES_AGGRESSIVE;
				CLANG_WARN_UNREACHABLE_CODE = YES;
				CLANG_WARN__DUPLICATE_METHOD_MATCH = YES;
				CODE_SIGN_IDENTITY = "iPhone Developer";
				COPY_PHASE_STRIP = NO;
				DEBUG_INFORMATION_FORMAT = dwarf;
				ENABLE_STRICT_OBJC_MSGSEND = YES;
				ENABLE_TESTABILITY = YES;
				GCC_C_LANGUAGE_STANDARD = gnu11;
				GCC_DYNAMIC_NO_PIC = NO;
				GCC_NO_COMMON_BLOCKS = YES;
				GCC_OPTIMIZATION_LEVEL = 0;
				GCC_PREPROCESSOR_DEFINITIONS = (
					"DEBUG=1",
					"$(inherited)",
				);
				GCC_WARN_64_TO_32_BIT_CONVERSION = YES;
				GCC_WARN_ABOUT_RETURN_TYPE = YES_ERROR;
				GCC_WARN_UNDECLARED_SELECTOR = YES;
				GCC_WARN_UNINITIALIZED_AUTOS = YES_AGGRESSIVE;
				GCC_WARN_UNUSED_FUNCTION = YES;
				GCC_WARN_UNUSED_VARIABLE = YES;
				IPHONEOS_DEPLOYMENT_TARGET = 11.2;
				MTL_ENABLE_DEBUG_INFO = YES;
				ONLY_ACTIVE_ARCH = YES;
				SDKROOT = iphoneos;
				SWIFT_ACTIVE_COMPILATION_CONDITIONS = DEBUG;
				SWIFT_OPTIMIZATION_LEVEL = "-Onone";
			};
			name = Debug;
		};
		3B9DCF69200DF39A00516A00 /* Release */ = {
			isa = XCBuildConfiguration;
			buildSettings = {
				ALWAYS_SEARCH_USER_PATHS = NO;
				CLANG_ANALYZER_NONNULL = YES;
				CLANG_ANALYZER_NUMBER_OBJECT_CONVERSION = YES_AGGRESSIVE;
				CLANG_CXX_LANGUAGE_STANDARD = "gnu++14";
				CLANG_CXX_LIBRARY = "libc++";
				CLANG_ENABLE_MODULES = YES;
				CLANG_ENABLE_OBJC_ARC = YES;
				CLANG_WARN_BLOCK_CAPTURE_AUTORELEASING = YES;
				CLANG_WARN_BOOL_CONVERSION = YES;
				CLANG_WARN_COMMA = YES;
				CLANG_WARN_CONSTANT_CONVERSION = YES;
				CLANG_WARN_DIRECT_OBJC_ISA_USAGE = YES_ERROR;
				CLANG_WARN_DOCUMENTATION_COMMENTS = YES;
				CLANG_WARN_EMPTY_BODY = YES;
				CLANG_WARN_ENUM_CONVERSION = YES;
				CLANG_WARN_INFINITE_RECURSION = YES;
				CLANG_WARN_INT_CONVERSION = YES;
				CLANG_WARN_NON_LITERAL_NULL_CONVERSION = YES;
				CLANG_WARN_OBJC_LITERAL_CONVERSION = YES;
				CLANG_WARN_OBJC_ROOT_CLASS = YES_ERROR;
				CLANG_WARN_RANGE_LOOP_ANALYSIS = YES;
				CLANG_WARN_STRICT_PROTOTYPES = YES;
				CLANG_WARN_SUSPICIOUS_MOVE = YES;
				CLANG_WARN_UNGUARDED_AVAILABILITY = YES_AGGRESSIVE;
				CLANG_WARN_UNREACHABLE_CODE = YES;
				CLANG_WARN__DUPLICATE_METHOD_MATCH = YES;
				CODE_SIGN_IDENTITY = "iPhone Developer";
				COPY_PHASE_STRIP = NO;
				DEBUG_INFORMATION_FORMAT = "dwarf-with-dsym";
				ENABLE_NS_ASSERTIONS = NO;
				ENABLE_STRICT_OBJC_MSGSEND = YES;
				GCC_C_LANGUAGE_STANDARD = gnu11;
				GCC_NO_COMMON_BLOCKS = YES;
				GCC_WARN_64_TO_32_BIT_CONVERSION = YES;
				GCC_WARN_ABOUT_RETURN_TYPE = YES_ERROR;
				GCC_WARN_UNDECLARED_SELECTOR = YES;
				GCC_WARN_UNINITIALIZED_AUTOS = YES_AGGRESSIVE;
				GCC_WARN_UNUSED_FUNCTION = YES;
				GCC_WARN_UNUSED_VARIABLE = YES;
				IPHONEOS_DEPLOYMENT_TARGET = 11.2;
				MTL_ENABLE_DEBUG_INFO = NO;
				SDKROOT = iphoneos;
				SWIFT_OPTIMIZATION_LEVEL = "-Owholemodule";
				VALIDATE_PRODUCT = YES;
			};
			name = Release;
		};
		3B9DCF6B200DF39A00516A00 /* Debug */ = {
			isa = XCBuildConfiguration;
			buildSettings = {
				ASSETCATALOG_COMPILER_APPICON_NAME = AppIcon;
				CODE_SIGN_STYLE = Automatic;
				INFOPLIST_FILE = rainbowRoad/Info.plist;
				LD_RUNPATH_SEARCH_PATHS = "$(inherited) @executable_path/Frameworks";
				PRODUCT_BUNDLE_IDENTIFIER = seymaakin88gmail.rainbowRoad;
				PRODUCT_NAME = "$(TARGET_NAME)";
				SWIFT_VERSION = 4.0;
				TARGETED_DEVICE_FAMILY = "1,2";
			};
			name = Debug;
		};
		3B9DCF6C200DF39A00516A00 /* Release */ = {
			isa = XCBuildConfiguration;
			buildSettings = {
				ASSETCATALOG_COMPILER_APPICON_NAME = AppIcon;
				CODE_SIGN_STYLE = Automatic;
				INFOPLIST_FILE = rainbowRoad/Info.plist;
				LD_RUNPATH_SEARCH_PATHS = "$(inherited) @executable_path/Frameworks";
				PRODUCT_BUNDLE_IDENTIFIER = seymaakin88gmail.rainbowRoad;
				PRODUCT_NAME = "$(TARGET_NAME)";
				SWIFT_VERSION = 4.0;
				TARGETED_DEVICE_FAMILY = "1,2";
			};
			name = Release;
		};
		3B9DCF6E200DF39A00516A00 /* Debug */ = {
			isa = XCBuildConfiguration;
			buildSettings = {
				ALWAYS_EMBED_SWIFT_STANDARD_LIBRARIES = YES;
				BUNDLE_LOADER = "$(TEST_HOST)";
				CODE_SIGN_STYLE = Automatic;
				INFOPLIST_FILE = rainbowRoadTests/Info.plist;
				LD_RUNPATH_SEARCH_PATHS = "$(inherited) @executable_path/Frameworks @loader_path/Frameworks";
				PRODUCT_BUNDLE_IDENTIFIER = seymaakin88gmail.rainbowRoadTests;
				PRODUCT_NAME = "$(TARGET_NAME)";
				SWIFT_VERSION = 4.0;
				TARGETED_DEVICE_FAMILY = "1,2";
				TEST_HOST = "$(BUILT_PRODUCTS_DIR)/rainbowRoad.app/rainbowRoad";
			};
			name = Debug;
		};
		3B9DCF6F200DF39A00516A00 /* Release */ = {
			isa = XCBuildConfiguration;
			buildSettings = {
				ALWAYS_EMBED_SWIFT_STANDARD_LIBRARIES = YES;
				BUNDLE_LOADER = "$(TEST_HOST)";
				CODE_SIGN_STYLE = Automatic;
				INFOPLIST_FILE = rainbowRoadTests/Info.plist;
				LD_RUNPATH_SEARCH_PATHS = "$(inherited) @executable_path/Frameworks @loader_path/Frameworks";
				PRODUCT_BUNDLE_IDENTIFIER = seymaakin88gmail.rainbowRoadTests;
				PRODUCT_NAME = "$(TARGET_NAME)";
				SWIFT_VERSION = 4.0;
				TARGETED_DEVICE_FAMILY = "1,2";
				TEST_HOST = "$(BUILT_PRODUCTS_DIR)/rainbowRoad.app/rainbowRoad";
			};
			name = Release;
		};
		3B9DCF71200DF39A00516A00 /* Debug */ = {
			isa = XCBuildConfiguration;
			buildSettings = {
				ALWAYS_EMBED_SWIFT_STANDARD_LIBRARIES = YES;
				CODE_SIGN_STYLE = Automatic;
				INFOPLIST_FILE = rainbowRoadUITests/Info.plist;
				LD_RUNPATH_SEARCH_PATHS = "$(inherited) @executable_path/Frameworks @loader_path/Frameworks";
				PRODUCT_BUNDLE_IDENTIFIER = seymaakin88gmail.rainbowRoadUITests;
				PRODUCT_NAME = "$(TARGET_NAME)";
				SWIFT_VERSION = 4.0;
				TARGETED_DEVICE_FAMILY = "1,2";
				TEST_TARGET_NAME = rainbowRoad;
			};
			name = Debug;
		};
		3B9DCF72200DF39A00516A00 /* Release */ = {
			isa = XCBuildConfiguration;
			buildSettings = {
				ALWAYS_EMBED_SWIFT_STANDARD_LIBRARIES = YES;
				CODE_SIGN_STYLE = Automatic;
				INFOPLIST_FILE = rainbowRoadUITests/Info.plist;
				LD_RUNPATH_SEARCH_PATHS = "$(inherited) @executable_path/Frameworks @loader_path/Frameworks";
				PRODUCT_BUNDLE_IDENTIFIER = seymaakin88gmail.rainbowRoadUITests;
				PRODUCT_NAME = "$(TARGET_NAME)";
				SWIFT_VERSION = 4.0;
				TARGETED_DEVICE_FAMILY = "1,2";
				TEST_TARGET_NAME = rainbowRoad;
			};
			name = Release;
		};
/* End XCBuildConfiguration section */

/* Begin XCConfigurationList section */
		3B9DCF3D200DF39A00516A00 /* Build configuration list for PBXProject "rainbowRoad" */ = {
			isa = XCConfigurationList;
			buildConfigurations = (
				3B9DCF68200DF39A00516A00 /* Debug */,
				3B9DCF69200DF39A00516A00 /* Release */,
			);
			defaultConfigurationIsVisible = 0;
			defaultConfigurationName = Release;
		};
		3B9DCF6A200DF39A00516A00 /* Build configuration list for PBXNativeTarget "rainbowRoad" */ = {
			isa = XCConfigurationList;
			buildConfigurations = (
				3B9DCF6B200DF39A00516A00 /* Debug */,
				3B9DCF6C200DF39A00516A00 /* Release */,
			);
			defaultConfigurationIsVisible = 0;
			defaultConfigurationName = Release;
		};
		3B9DCF6D200DF39A00516A00 /* Build configuration list for PBXNativeTarget "rainbowRoadTests" */ = {
			isa = XCConfigurationList;
			buildConfigurations = (
				3B9DCF6E200DF39A00516A00 /* Debug */,
				3B9DCF6F200DF39A00516A00 /* Release */,
			);
			defaultConfigurationIsVisible = 0;
			defaultConfigurationName = Release;
		};
		3B9DCF70200DF39A00516A00 /* Build configuration list for PBXNativeTarget "rainbowRoadUITests" */ = {
			isa = XCConfigurationList;
			buildConfigurations = (
				3B9DCF71200DF39A00516A00 /* Debug */,
				3B9DCF72200DF39A00516A00 /* Release */,
			);
			defaultConfigurationIsVisible = 0;
			defaultConfigurationName = Release;
		};
/* End XCConfigurationList section */
	};
	rootObject = 3B9DCF3A200DF39A00516A00 /* Project object */;
}
