// !$*UTF8*$!
{
	archiveVersion = 1;
	classes = {
	};
	objectVersion = 48;
	objects = {

/* Begin PBXBuildFile section */
		3B27D3602016701E0000F6A2 /* AppDelegate.swift in Sources */ = {isa = PBXBuildFile; fileRef = 3B27D35F2016701E0000F6A2 /* AppDelegate.swift */; };
		3B27D3622016701E0000F6A2 /* PeopleViewController.swift in Sources */ = {isa = PBXBuildFile; fileRef = 3B27D3612016701E0000F6A2 /* PeopleViewController.swift */; };
		3B27D3652016701E0000F6A2 /* Main.storyboard in Resources */ = {isa = PBXBuildFile; fileRef = 3B27D3632016701E0000F6A2 /* Main.storyboard */; };
		3B27D3672016701E0000F6A2 /* Assets.xcassets in Resources */ = {isa = PBXBuildFile; fileRef = 3B27D3662016701E0000F6A2 /* Assets.xcassets */; };
		3B27D36A2016701E0000F6A2 /* LaunchScreen.storyboard in Resources */ = {isa = PBXBuildFile; fileRef = 3B27D3682016701E0000F6A2 /* LaunchScreen.storyboard */; };
		3B27D3752016701F0000F6A2 /* starWarsEncyclopediaTests.swift in Sources */ = {isa = PBXBuildFile; fileRef = 3B27D3742016701F0000F6A2 /* starWarsEncyclopediaTests.swift */; };
		3B27D3802016701F0000F6A2 /* starWarsEncyclopediaUITests.swift in Sources */ = {isa = PBXBuildFile; fileRef = 3B27D37F2016701F0000F6A2 /* starWarsEncyclopediaUITests.swift */; };
		3B27D3902016B4D70000F6A2 /* FilmViewController.swift in Sources */ = {isa = PBXBuildFile; fileRef = 3B27D38F2016B4D70000F6A2 /* FilmViewController.swift */; };
		3B27D3922016C4EC0000F6A2 /* StarWarsModel.swift in Sources */ = {isa = PBXBuildFile; fileRef = 3B27D3912016C4EC0000F6A2 /* StarWarsModel.swift */; };
/* End PBXBuildFile section */

/* Begin PBXContainerItemProxy section */
		3B27D3712016701F0000F6A2 /* PBXContainerItemProxy */ = {
			isa = PBXContainerItemProxy;
			containerPortal = 3B27D3542016701E0000F6A2 /* Project object */;
			proxyType = 1;
			remoteGlobalIDString = 3B27D35B2016701E0000F6A2;
			remoteInfo = starWarsEncyclopedia;
		};
		3B27D37C2016701F0000F6A2 /* PBXContainerItemProxy */ = {
			isa = PBXContainerItemProxy;
			containerPortal = 3B27D3542016701E0000F6A2 /* Project object */;
			proxyType = 1;
			remoteGlobalIDString = 3B27D35B2016701E0000F6A2;
			remoteInfo = starWarsEncyclopedia;
		};
/* End PBXContainerItemProxy section */

/* Begin PBXFileReference section */
		3B27D35C2016701E0000F6A2 /* starWarsEncyclopedia.app */ = {isa = PBXFileReference; explicitFileType = wrapper.application; includeInIndex = 0; path = starWarsEncyclopedia.app; sourceTree = BUILT_PRODUCTS_DIR; };
		3B27D35F2016701E0000F6A2 /* AppDelegate.swift */ = {isa = PBXFileReference; lastKnownFileType = sourcecode.swift; path = AppDelegate.swift; sourceTree = "<group>"; };
		3B27D3612016701E0000F6A2 /* PeopleViewController.swift */ = {isa = PBXFileReference; lastKnownFileType = sourcecode.swift; path = PeopleViewController.swift; sourceTree = "<group>"; };
		3B27D3642016701E0000F6A2 /* Base */ = {isa = PBXFileReference; lastKnownFileType = file.storyboard; name = Base; path = Base.lproj/Main.storyboard; sourceTree = "<group>"; };
		3B27D3662016701E0000F6A2 /* Assets.xcassets */ = {isa = PBXFileReference; lastKnownFileType = folder.assetcatalog; path = Assets.xcassets; sourceTree = "<group>"; };
		3B27D3692016701E0000F6A2 /* Base */ = {isa = PBXFileReference; lastKnownFileType = file.storyboard; name = Base; path = Base.lproj/LaunchScreen.storyboard; sourceTree = "<group>"; };
		3B27D36B2016701E0000F6A2 /* Info.plist */ = {isa = PBXFileReference; lastKnownFileType = text.plist.xml; path = Info.plist; sourceTree = "<group>"; };
		3B27D3702016701F0000F6A2 /* starWarsEncyclopediaTests.xctest */ = {isa = PBXFileReference; explicitFileType = wrapper.cfbundle; includeInIndex = 0; path = starWarsEncyclopediaTests.xctest; sourceTree = BUILT_PRODUCTS_DIR; };
		3B27D3742016701F0000F6A2 /* starWarsEncyclopediaTests.swift */ = {isa = PBXFileReference; lastKnownFileType = sourcecode.swift; path = starWarsEncyclopediaTests.swift; sourceTree = "<group>"; };
		3B27D3762016701F0000F6A2 /* Info.plist */ = {isa = PBXFileReference; lastKnownFileType = text.plist.xml; path = Info.plist; sourceTree = "<group>"; };
		3B27D37B2016701F0000F6A2 /* starWarsEncyclopediaUITests.xctest */ = {isa = PBXFileReference; explicitFileType = wrapper.cfbundle; includeInIndex = 0; path = starWarsEncyclopediaUITests.xctest; sourceTree = BUILT_PRODUCTS_DIR; };
		3B27D37F2016701F0000F6A2 /* starWarsEncyclopediaUITests.swift */ = {isa = PBXFileReference; lastKnownFileType = sourcecode.swift; path = starWarsEncyclopediaUITests.swift; sourceTree = "<group>"; };
		3B27D3812016701F0000F6A2 /* Info.plist */ = {isa = PBXFileReference; lastKnownFileType = text.plist.xml; path = Info.plist; sourceTree = "<group>"; };
		3B27D38F2016B4D70000F6A2 /* FilmViewController.swift */ = {isa = PBXFileReference; lastKnownFileType = sourcecode.swift; path = FilmViewController.swift; sourceTree = "<group>"; };
		3B27D3912016C4EC0000F6A2 /* StarWarsModel.swift */ = {isa = PBXFileReference; lastKnownFileType = sourcecode.swift; path = StarWarsModel.swift; sourceTree = "<group>"; };
/* End PBXFileReference section */

/* Begin PBXFrameworksBuildPhase section */
		3B27D3592016701E0000F6A2 /* Frameworks */ = {
			isa = PBXFrameworksBuildPhase;
			buildActionMask = 2147483647;
			files = (
			);
			runOnlyForDeploymentPostprocessing = 0;
		};
		3B27D36D2016701F0000F6A2 /* Frameworks */ = {
			isa = PBXFrameworksBuildPhase;
			buildActionMask = 2147483647;
			files = (
			);
			runOnlyForDeploymentPostprocessing = 0;
		};
		3B27D3782016701F0000F6A2 /* Frameworks */ = {
			isa = PBXFrameworksBuildPhase;
			buildActionMask = 2147483647;
			files = (
			);
			runOnlyForDeploymentPostprocessing = 0;
		};
/* End PBXFrameworksBuildPhase section */

/* Begin PBXGroup section */
		3B27D3532016701E0000F6A2 = {
			isa = PBXGroup;
			children = (
				3B27D35E2016701E0000F6A2 /* starWarsEncyclopedia */,
				3B27D3732016701F0000F6A2 /* starWarsEncyclopediaTests */,
				3B27D37E2016701F0000F6A2 /* starWarsEncyclopediaUITests */,
				3B27D35D2016701E0000F6A2 /* Products */,
			);
			sourceTree = "<group>";
		};
		3B27D35D2016701E0000F6A2 /* Products */ = {
			isa = PBXGroup;
			children = (
				3B27D35C2016701E0000F6A2 /* starWarsEncyclopedia.app */,
				3B27D3702016701F0000F6A2 /* starWarsEncyclopediaTests.xctest */,
				3B27D37B2016701F0000F6A2 /* starWarsEncyclopediaUITests.xctest */,
			);
			name = Products;
			sourceTree = "<group>";
		};
		3B27D35E2016701E0000F6A2 /* starWarsEncyclopedia */ = {
			isa = PBXGroup;
			children = (
				3B27D35F2016701E0000F6A2 /* AppDelegate.swift */,
				3B27D3612016701E0000F6A2 /* PeopleViewController.swift */,
				3B27D38F2016B4D70000F6A2 /* FilmViewController.swift */,
				3B27D3632016701E0000F6A2 /* Main.storyboard */,
				3B27D3662016701E0000F6A2 /* Assets.xcassets */,
				3B27D3682016701E0000F6A2 /* LaunchScreen.storyboard */,
				3B27D36B2016701E0000F6A2 /* Info.plist */,
				3B27D3912016C4EC0000F6A2 /* StarWarsModel.swift */,
			);
			path = starWarsEncyclopedia;
			sourceTree = "<group>";
		};
		3B27D3732016701F0000F6A2 /* starWarsEncyclopediaTests */ = {
			isa = PBXGroup;
			children = (
				3B27D3742016701F0000F6A2 /* starWarsEncyclopediaTests.swift */,
				3B27D3762016701F0000F6A2 /* Info.plist */,
			);
			path = starWarsEncyclopediaTests;
			sourceTree = "<group>";
		};
		3B27D37E2016701F0000F6A2 /* starWarsEncyclopediaUITests */ = {
			isa = PBXGroup;
			children = (
				3B27D37F2016701F0000F6A2 /* starWarsEncyclopediaUITests.swift */,
				3B27D3812016701F0000F6A2 /* Info.plist */,
			);
			path = starWarsEncyclopediaUITests;
			sourceTree = "<group>";
		};
/* End PBXGroup section */

/* Begin PBXNativeTarget section */
		3B27D35B2016701E0000F6A2 /* starWarsEncyclopedia */ = {
			isa = PBXNativeTarget;
			buildConfigurationList = 3B27D3842016701F0000F6A2 /* Build configuration list for PBXNativeTarget "starWarsEncyclopedia" */;
			buildPhases = (
				3B27D3582016701E0000F6A2 /* Sources */,
				3B27D3592016701E0000F6A2 /* Frameworks */,
				3B27D35A2016701E0000F6A2 /* Resources */,
			);
			buildRules = (
			);
			dependencies = (
			);
			name = starWarsEncyclopedia;
			productName = starWarsEncyclopedia;
			productReference = 3B27D35C2016701E0000F6A2 /* starWarsEncyclopedia.app */;
			productType = "com.apple.product-type.application";
		};
		3B27D36F2016701F0000F6A2 /* starWarsEncyclopediaTests */ = {
			isa = PBXNativeTarget;
			buildConfigurationList = 3B27D3872016701F0000F6A2 /* Build configuration list for PBXNativeTarget "starWarsEncyclopediaTests" */;
			buildPhases = (
				3B27D36C2016701F0000F6A2 /* Sources */,
				3B27D36D2016701F0000F6A2 /* Frameworks */,
				3B27D36E2016701F0000F6A2 /* Resources */,
			);
			buildRules = (
			);
			dependencies = (
				3B27D3722016701F0000F6A2 /* PBXTargetDependency */,
			);
			name = starWarsEncyclopediaTests;
			productName = starWarsEncyclopediaTests;
			productReference = 3B27D3702016701F0000F6A2 /* starWarsEncyclopediaTests.xctest */;
			productType = "com.apple.product-type.bundle.unit-test";
		};
		3B27D37A2016701F0000F6A2 /* starWarsEncyclopediaUITests */ = {
			isa = PBXNativeTarget;
			buildConfigurationList = 3B27D38A2016701F0000F6A2 /* Build configuration list for PBXNativeTarget "starWarsEncyclopediaUITests" */;
			buildPhases = (
				3B27D3772016701F0000F6A2 /* Sources */,
				3B27D3782016701F0000F6A2 /* Frameworks */,
				3B27D3792016701F0000F6A2 /* Resources */,
			);
			buildRules = (
			);
			dependencies = (
				3B27D37D2016701F0000F6A2 /* PBXTargetDependency */,
			);
			name = starWarsEncyclopediaUITests;
			productName = starWarsEncyclopediaUITests;
			productReference = 3B27D37B2016701F0000F6A2 /* starWarsEncyclopediaUITests.xctest */;
			productType = "com.apple.product-type.bundle.ui-testing";
		};
/* End PBXNativeTarget section */

/* Begin PBXProject section */
		3B27D3542016701E0000F6A2 /* Project object */ = {
			isa = PBXProject;
			attributes = {
				LastSwiftUpdateCheck = 0920;
				LastUpgradeCheck = 0920;
				ORGANIZATIONNAME = "Seyma Akin";
				TargetAttributes = {
					3B27D35B2016701E0000F6A2 = {
						CreatedOnToolsVersion = 9.2;
						ProvisioningStyle = Automatic;
					};
					3B27D36F2016701F0000F6A2 = {
						CreatedOnToolsVersion = 9.2;
						ProvisioningStyle = Automatic;
						TestTargetID = 3B27D35B2016701E0000F6A2;
					};
					3B27D37A2016701F0000F6A2 = {
						CreatedOnToolsVersion = 9.2;
						ProvisioningStyle = Automatic;
						TestTargetID = 3B27D35B2016701E0000F6A2;
					};
				};
			};
			buildConfigurationList = 3B27D3572016701E0000F6A2 /* Build configuration list for PBXProject "starWarsEncyclopedia" */;
			compatibilityVersion = "Xcode 8.0";
			developmentRegion = en;
			hasScannedForEncodings = 0;
			knownRegions = (
				en,
				Base,
			);
			mainGroup = 3B27D3532016701E0000F6A2;
			productRefGroup = 3B27D35D2016701E0000F6A2 /* Products */;
			projectDirPath = "";
			projectRoot = "";
			targets = (
				3B27D35B2016701E0000F6A2 /* starWarsEncyclopedia */,
				3B27D36F2016701F0000F6A2 /* starWarsEncyclopediaTests */,
				3B27D37A2016701F0000F6A2 /* starWarsEncyclopediaUITests */,
			);
		};
/* End PBXProject section */

/* Begin PBXResourcesBuildPhase section */
		3B27D35A2016701E0000F6A2 /* Resources */ = {
			isa = PBXResourcesBuildPhase;
			buildActionMask = 2147483647;
			files = (
				3B27D36A2016701E0000F6A2 /* LaunchScreen.storyboard in Resources */,
				3B27D3672016701E0000F6A2 /* Assets.xcassets in Resources */,
				3B27D3652016701E0000F6A2 /* Main.storyboard in Resources */,
			);
			runOnlyForDeploymentPostprocessing = 0;
		};
		3B27D36E2016701F0000F6A2 /* Resources */ = {
			isa = PBXResourcesBuildPhase;
			buildActionMask = 2147483647;
			files = (
			);
			runOnlyForDeploymentPostprocessing = 0;
		};
		3B27D3792016701F0000F6A2 /* Resources */ = {
			isa = PBXResourcesBuildPhase;
			buildActionMask = 2147483647;
			files = (
			);
			runOnlyForDeploymentPostprocessing = 0;
		};
/* End PBXResourcesBuildPhase section */

/* Begin PBXSourcesBuildPhase section */
		3B27D3582016701E0000F6A2 /* Sources */ = {
			isa = PBXSourcesBuildPhase;
			buildActionMask = 2147483647;
			files = (
				3B27D3622016701E0000F6A2 /* PeopleViewController.swift in Sources */,
				3B27D3902016B4D70000F6A2 /* FilmViewController.swift in Sources */,
				3B27D3922016C4EC0000F6A2 /* StarWarsModel.swift in Sources */,
				3B27D3602016701E0000F6A2 /* AppDelegate.swift in Sources */,
			);
			runOnlyForDeploymentPostprocessing = 0;
		};
		3B27D36C2016701F0000F6A2 /* Sources */ = {
			isa = PBXSourcesBuildPhase;
			buildActionMask = 2147483647;
			files = (
				3B27D3752016701F0000F6A2 /* starWarsEncyclopediaTests.swift in Sources */,
			);
			runOnlyForDeploymentPostprocessing = 0;
		};
		3B27D3772016701F0000F6A2 /* Sources */ = {
			isa = PBXSourcesBuildPhase;
			buildActionMask = 2147483647;
			files = (
				3B27D3802016701F0000F6A2 /* starWarsEncyclopediaUITests.swift in Sources */,
			);
			runOnlyForDeploymentPostprocessing = 0;
		};
/* End PBXSourcesBuildPhase section */

/* Begin PBXTargetDependency section */
		3B27D3722016701F0000F6A2 /* PBXTargetDependency */ = {
			isa = PBXTargetDependency;
			target = 3B27D35B2016701E0000F6A2 /* starWarsEncyclopedia */;
			targetProxy = 3B27D3712016701F0000F6A2 /* PBXContainerItemProxy */;
		};
		3B27D37D2016701F0000F6A2 /* PBXTargetDependency */ = {
			isa = PBXTargetDependency;
			target = 3B27D35B2016701E0000F6A2 /* starWarsEncyclopedia */;
			targetProxy = 3B27D37C2016701F0000F6A2 /* PBXContainerItemProxy */;
		};
/* End PBXTargetDependency section */

/* Begin PBXVariantGroup section */
		3B27D3632016701E0000F6A2 /* Main.storyboard */ = {
			isa = PBXVariantGroup;
			children = (
				3B27D3642016701E0000F6A2 /* Base */,
			);
			name = Main.storyboard;
			sourceTree = "<group>";
		};
		3B27D3682016701E0000F6A2 /* LaunchScreen.storyboard */ = {
			isa = PBXVariantGroup;
			children = (
				3B27D3692016701E0000F6A2 /* Base */,
			);
			name = LaunchScreen.storyboard;
			sourceTree = "<group>";
		};
/* End PBXVariantGroup section */

/* Begin XCBuildConfiguration section */
		3B27D3822016701F0000F6A2 /* Debug */ = {
			isa = XCBuildConfiguration;
			buildSettings = {
				ALWAYS_SEARCH_USER_PATHS = NO;
				CLANG_ANALYZER_NONNULL = YES;
				CLANG_ANALYZER_NUMBER_OBJECT_CONVERSION = YES_AGGRESSIVE;
				CLANG_CXX_LANGUAGE_STANDARD = "gnu++14";
				CLANG_CXX_LIBRARY = "libc++";
				CLANG_ENABLE_MODULES = YES;
				CLANG_ENABLE_OBJC_ARC = YES;
				CLANG_WARN_BLOCK_CAPTURE_AUTORELEASING = YES;
				CLANG_WARN_BOOL_CONVERSION = YES;
				CLANG_WARN_COMMA = YES;
				CLANG_WARN_CONSTANT_CONVERSION = YES;
				CLANG_WARN_DIRECT_OBJC_ISA_USAGE = YES_ERROR;
				CLANG_WARN_DOCUMENTATION_COMMENTS = YES;
				CLANG_WARN_EMPTY_BODY = YES;
				CLANG_WARN_ENUM_CONVERSION = YES;
				CLANG_WARN_INFINITE_RECURSION = YES;
				CLANG_WARN_INT_CONVERSION = YES;
				CLANG_WARN_NON_LITERAL_NULL_CONVERSION = YES;
				CLANG_WARN_OBJC_LITERAL_CONVERSION = YES;
				CLANG_WARN_OBJC_ROOT_CLASS = YES_ERROR;
				CLANG_WARN_RANGE_LOOP_ANALYSIS = YES;
				CLANG_WARN_STRICT_PROTOTYPES = YES;
				CLANG_WARN_SUSPICIOUS_MOVE = YES;
				CLANG_WARN_UNGUARDED_AVAILABILITY = YES_AGGRESSIVE;
				CLANG_WARN_UNREACHABLE_CODE = YES;
				CLANG_WARN__DUPLICATE_METHOD_MATCH = YES;
				CODE_SIGN_IDENTITY = "iPhone Developer";
				COPY_PHASE_STRIP = NO;
				DEBUG_INFORMATION_FORMAT = dwarf;
				ENABLE_STRICT_OBJC_MSGSEND = YES;
				ENABLE_TESTABILITY = YES;
				GCC_C_LANGUAGE_STANDARD = gnu11;
				GCC_DYNAMIC_NO_PIC = NO;
				GCC_NO_COMMON_BLOCKS = YES;
				GCC_OPTIMIZATION_LEVEL = 0;
				GCC_PREPROCESSOR_DEFINITIONS = (
					"DEBUG=1",
					"$(inherited)",
				);
				GCC_WARN_64_TO_32_BIT_CONVERSION = YES;
				GCC_WARN_ABOUT_RETURN_TYPE = YES_ERROR;
				GCC_WARN_UNDECLARED_SELECTOR = YES;
				GCC_WARN_UNINITIALIZED_AUTOS = YES_AGGRESSIVE;
				GCC_WARN_UNUSED_FUNCTION = YES;
				GCC_WARN_UNUSED_VARIABLE = YES;
				IPHONEOS_DEPLOYMENT_TARGET = 11.2;
				MTL_ENABLE_DEBUG_INFO = YES;
				ONLY_ACTIVE_ARCH = YES;
				SDKROOT = iphoneos;
				SWIFT_ACTIVE_COMPILATION_CONDITIONS = DEBUG;
				SWIFT_OPTIMIZATION_LEVEL = "-Onone";
			};
			name = Debug;
		};
		3B27D3832016701F0000F6A2 /* Release */ = {
			isa = XCBuildConfiguration;
			buildSettings = {
				ALWAYS_SEARCH_USER_PATHS = NO;
				CLANG_ANALYZER_NONNULL = YES;
				CLANG_ANALYZER_NUMBER_OBJECT_CONVERSION = YES_AGGRESSIVE;
				CLANG_CXX_LANGUAGE_STANDARD = "gnu++14";
				CLANG_CXX_LIBRARY = "libc++";
				CLANG_ENABLE_MODULES = YES;
				CLANG_ENABLE_OBJC_ARC = YES;
				CLANG_WARN_BLOCK_CAPTURE_AUTORELEASING = YES;
				CLANG_WARN_BOOL_CONVERSION = YES;
				CLANG_WARN_COMMA = YES;
				CLANG_WARN_CONSTANT_CONVERSION = YES;
				CLANG_WARN_DIRECT_OBJC_ISA_USAGE = YES_ERROR;
				CLANG_WARN_DOCUMENTATION_COMMENTS = YES;
				CLANG_WARN_EMPTY_BODY = YES;
				CLANG_WARN_ENUM_CONVERSION = YES;
				CLANG_WARN_INFINITE_RECURSION = YES;
				CLANG_WARN_INT_CONVERSION = YES;
				CLANG_WARN_NON_LITERAL_NULL_CONVERSION = YES;
				CLANG_WARN_OBJC_LITERAL_CONVERSION = YES;
				CLANG_WARN_OBJC_ROOT_CLASS = YES_ERROR;
				CLANG_WARN_RANGE_LOOP_ANALYSIS = YES;
				CLANG_WARN_STRICT_PROTOTYPES = YES;
				CLANG_WARN_SUSPICIOUS_MOVE = YES;
				CLANG_WARN_UNGUARDED_AVAILABILITY = YES_AGGRESSIVE;
				CLANG_WARN_UNREACHABLE_CODE = YES;
				CLANG_WARN__DUPLICATE_METHOD_MATCH = YES;
				CODE_SIGN_IDENTITY = "iPhone Developer";
				COPY_PHASE_STRIP = NO;
				DEBUG_INFORMATION_FORMAT = "dwarf-with-dsym";
				ENABLE_NS_ASSERTIONS = NO;
				ENABLE_STRICT_OBJC_MSGSEND = YES;
				GCC_C_LANGUAGE_STANDARD = gnu11;
				GCC_NO_COMMON_BLOCKS = YES;
				GCC_WARN_64_TO_32_BIT_CONVERSION = YES;
				GCC_WARN_ABOUT_RETURN_TYPE = YES_ERROR;
				GCC_WARN_UNDECLARED_SELECTOR = YES;
				GCC_WARN_UNINITIALIZED_AUTOS = YES_AGGRESSIVE;
				GCC_WARN_UNUSED_FUNCTION = YES;
				GCC_WARN_UNUSED_VARIABLE = YES;
				IPHONEOS_DEPLOYMENT_TARGET = 11.2;
				MTL_ENABLE_DEBUG_INFO = NO;
				SDKROOT = iphoneos;
				SWIFT_OPTIMIZATION_LEVEL = "-Owholemodule";
				VALIDATE_PRODUCT = YES;
			};
			name = Release;
		};
		3B27D3852016701F0000F6A2 /* Debug */ = {
			isa = XCBuildConfiguration;
			buildSettings = {
				ASSETCATALOG_COMPILER_APPICON_NAME = AppIcon;
				CODE_SIGN_STYLE = Automatic;
				DEVELOPMENT_TEAM = 663CTGYRHE;
				INFOPLIST_FILE = starWarsEncyclopedia/Info.plist;
				LD_RUNPATH_SEARCH_PATHS = "$(inherited) @executable_path/Frameworks";
				PRODUCT_BUNDLE_IDENTIFIER = seymaakin88gmail.starWarsEncyclopedia;
				PRODUCT_NAME = "$(TARGET_NAME)";
				SWIFT_VERSION = 4.0;
				TARGETED_DEVICE_FAMILY = "1,2";
			};
			name = Debug;
		};
		3B27D3862016701F0000F6A2 /* Release */ = {
			isa = XCBuildConfiguration;
			buildSettings = {
				ASSETCATALOG_COMPILER_APPICON_NAME = AppIcon;
				CODE_SIGN_STYLE = Automatic;
				DEVELOPMENT_TEAM = 663CTGYRHE;
				INFOPLIST_FILE = starWarsEncyclopedia/Info.plist;
				LD_RUNPATH_SEARCH_PATHS = "$(inherited) @executable_path/Frameworks";
				PRODUCT_BUNDLE_IDENTIFIER = seymaakin88gmail.starWarsEncyclopedia;
				PRODUCT_NAME = "$(TARGET_NAME)";
				SWIFT_VERSION = 4.0;
				TARGETED_DEVICE_FAMILY = "1,2";
			};
			name = Release;
		};
		3B27D3882016701F0000F6A2 /* Debug */ = {
			isa = XCBuildConfiguration;
			buildSettings = {
				ALWAYS_EMBED_SWIFT_STANDARD_LIBRARIES = YES;
				BUNDLE_LOADER = "$(TEST_HOST)";
				CODE_SIGN_STYLE = Automatic;
				DEVELOPMENT_TEAM = 663CTGYRHE;
				INFOPLIST_FILE = starWarsEncyclopediaTests/Info.plist;
				LD_RUNPATH_SEARCH_PATHS = "$(inherited) @executable_path/Frameworks @loader_path/Frameworks";
				PRODUCT_BUNDLE_IDENTIFIER = seymaakin88gmail.starWarsEncyclopediaTests;
				PRODUCT_NAME = "$(TARGET_NAME)";
				SWIFT_VERSION = 4.0;
				TARGETED_DEVICE_FAMILY = "1,2";
				TEST_HOST = "$(BUILT_PRODUCTS_DIR)/starWarsEncyclopedia.app/starWarsEncyclopedia";
			};
			name = Debug;
		};
		3B27D3892016701F0000F6A2 /* Release */ = {
			isa = XCBuildConfiguration;
			buildSettings = {
				ALWAYS_EMBED_SWIFT_STANDARD_LIBRARIES = YES;
				BUNDLE_LOADER = "$(TEST_HOST)";
				CODE_SIGN_STYLE = Automatic;
				DEVELOPMENT_TEAM = 663CTGYRHE;
				INFOPLIST_FILE = starWarsEncyclopediaTests/Info.plist;
				LD_RUNPATH_SEARCH_PATHS = "$(inherited) @executable_path/Frameworks @loader_path/Frameworks";
				PRODUCT_BUNDLE_IDENTIFIER = seymaakin88gmail.starWarsEncyclopediaTests;
				PRODUCT_NAME = "$(TARGET_NAME)";
				SWIFT_VERSION = 4.0;
				TARGETED_DEVICE_FAMILY = "1,2";
				TEST_HOST = "$(BUILT_PRODUCTS_DIR)/starWarsEncyclopedia.app/starWarsEncyclopedia";
			};
			name = Release;
		};
		3B27D38B2016701F0000F6A2 /* Debug */ = {
			isa = XCBuildConfiguration;
			buildSettings = {
				ALWAYS_EMBED_SWIFT_STANDARD_LIBRARIES = YES;
				CODE_SIGN_STYLE = Automatic;
				DEVELOPMENT_TEAM = 663CTGYRHE;
				INFOPLIST_FILE = starWarsEncyclopediaUITests/Info.plist;
				LD_RUNPATH_SEARCH_PATHS = "$(inherited) @executable_path/Frameworks @loader_path/Frameworks";
				PRODUCT_BUNDLE_IDENTIFIER = seymaakin88gmail.starWarsEncyclopediaUITests;
				PRODUCT_NAME = "$(TARGET_NAME)";
				SWIFT_VERSION = 4.0;
				TARGETED_DEVICE_FAMILY = "1,2";
				TEST_TARGET_NAME = starWarsEncyclopedia;
			};
			name = Debug;
		};
		3B27D38C2016701F0000F6A2 /* Release */ = {
			isa = XCBuildConfiguration;
			buildSettings = {
				ALWAYS_EMBED_SWIFT_STANDARD_LIBRARIES = YES;
				CODE_SIGN_STYLE = Automatic;
				DEVELOPMENT_TEAM = 663CTGYRHE;
				INFOPLIST_FILE = starWarsEncyclopediaUITests/Info.plist;
				LD_RUNPATH_SEARCH_PATHS = "$(inherited) @executable_path/Frameworks @loader_path/Frameworks";
				PRODUCT_BUNDLE_IDENTIFIER = seymaakin88gmail.starWarsEncyclopediaUITests;
				PRODUCT_NAME = "$(TARGET_NAME)";
				SWIFT_VERSION = 4.0;
				TARGETED_DEVICE_FAMILY = "1,2";
				TEST_TARGET_NAME = starWarsEncyclopedia;
			};
			name = Release;
		};
/* End XCBuildConfiguration section */

/* Begin XCConfigurationList section */
		3B27D3572016701E0000F6A2 /* Build configuration list for PBXProject "starWarsEncyclopedia" */ = {
			isa = XCConfigurationList;
			buildConfigurations = (
				3B27D3822016701F0000F6A2 /* Debug */,
				3B27D3832016701F0000F6A2 /* Release */,
			);
			defaultConfigurationIsVisible = 0;
			defaultConfigurationName = Release;
		};
		3B27D3842016701F0000F6A2 /* Build configuration list for PBXNativeTarget "starWarsEncyclopedia" */ = {
			isa = XCConfigurationList;
			buildConfigurations = (
				3B27D3852016701F0000F6A2 /* Debug */,
				3B27D3862016701F0000F6A2 /* Release */,
			);
			defaultConfigurationIsVisible = 0;
			defaultConfigurationName = Release;
		};
		3B27D3872016701F0000F6A2 /* Build configuration list for PBXNativeTarget "starWarsEncyclopediaTests" */ = {
			isa = XCConfigurationList;
			buildConfigurations = (
				3B27D3882016701F0000F6A2 /* Debug */,
				3B27D3892016701F0000F6A2 /* Release */,
			);
			defaultConfigurationIsVisible = 0;
			defaultConfigurationName = Release;
		};
		3B27D38A2016701F0000F6A2 /* Build configuration list for PBXNativeTarget "starWarsEncyclopediaUITests" */ = {
			isa = XCConfigurationList;
			buildConfigurations = (
				3B27D38B2016701F0000F6A2 /* Debug */,
				3B27D38C2016701F0000F6A2 /* Release */,
			);
			defaultConfigurationIsVisible = 0;
			defaultConfigurationName = Release;
		};
/* End XCConfigurationList section */
	};
	rootObject = 3B27D3542016701E0000F6A2 /* Project object */;
}
